// !$*UTF8*$!
{
	archiveVersion = 1;
	classes = {
	};
	objectVersion = 56;
	objects = {

/* Begin PBXBuildFile section */
		6E2CC4262AEBCB0B002E58D5 /* QConfiguration.swift in Sources */ = {isa = PBXBuildFile; fileRef = 6E2CC4252AEBCB0B002E58D5 /* QConfiguration.swift */; };
		6E2CC4272AEBCB13002E58D5 /* QConfiguration.swift in Sources */ = {isa = PBXBuildFile; fileRef = 6E2CC4252AEBCB0B002E58D5 /* QConfiguration.swift */; };
		6E2CC4282AEBCB14002E58D5 /* QConfiguration.swift in Sources */ = {isa = PBXBuildFile; fileRef = 6E2CC4252AEBCB0B002E58D5 /* QConfiguration.swift */; };
		6E43A4FD2ADCCF8700B90ED9 /* HealthObserver.swift in Sources */ = {isa = PBXBuildFile; fileRef = 6E7DD6512AD64537003E0C77 /* HealthObserver.swift */; };
		6E43A5002ADCE96F00B90ED9 /* QCommonView.swift in Sources */ = {isa = PBXBuildFile; fileRef = 6E43A4FE2ADCE96A00B90ED9 /* QCommonView.swift */; };
		6E43A5012ADCE97000B90ED9 /* QCommonView.swift in Sources */ = {isa = PBXBuildFile; fileRef = 6E43A4FE2ADCE96A00B90ED9 /* QCommonView.swift */; };
		6E43A5052ADCE9F900B90ED9 /* WeatherUtils.swift in Sources */ = {isa = PBXBuildFile; fileRef = 6E7DD6492AD5604A003E0C77 /* WeatherUtils.swift */; };
		6E43A50E2ADD1E8200B90ED9 /* WeatherUtils.swift in Sources */ = {isa = PBXBuildFile; fileRef = 6E7DD6492AD5604A003E0C77 /* WeatherUtils.swift */; };
		6E43A50F2ADD1E8500B90ED9 /* HealthObserver.swift in Sources */ = {isa = PBXBuildFile; fileRef = 6E7DD6512AD64537003E0C77 /* HealthObserver.swift */; };
		6E43A5102ADD1E8C00B90ED9 /* QTermiViewModel.swift in Sources */ = {isa = PBXBuildFile; fileRef = 6E43A50A2ADCF81C00B90ED9 /* QTermiViewModel.swift */; };
		6E43A5112ADD1E8F00B90ED9 /* QCommonView.swift in Sources */ = {isa = PBXBuildFile; fileRef = 6E43A4FE2ADCE96A00B90ED9 /* QCommonView.swift */; };
		6E43A5122ADD1EAD00B90ED9 /* ContentView.swift in Sources */ = {isa = PBXBuildFile; fileRef = 6E7DD6082AD5546A003E0C77 /* ContentView.swift */; };
		6E43A5142ADD2EA400B90ED9 /* QTermiViewModel.swift in Sources */ = {isa = PBXBuildFile; fileRef = 6E43A50A2ADCF81C00B90ED9 /* QTermiViewModel.swift */; };
		6E6935362AE92A0A006085E1 /* HFBundle.bundle in Resources */ = {isa = PBXBuildFile; fileRef = 6E6935352AE92A0A006085E1 /* HFBundle.bundle */; };
		6E6935372AE92A0A006085E1 /* HFBundle.bundle in Resources */ = {isa = PBXBuildFile; fileRef = 6E6935352AE92A0A006085E1 /* HFBundle.bundle */; };
		6E6935382AE92A0A006085E1 /* HFBundle.bundle in Resources */ = {isa = PBXBuildFile; fileRef = 6E6935352AE92A0A006085E1 /* HFBundle.bundle */; };
		6E69364F2AE93E45006085E1 /* MBezierPath+Extension_macOS.swift in Sources */ = {isa = PBXBuildFile; fileRef = 6E69360A2AE93E44006085E1 /* MBezierPath+Extension_macOS.swift */; };
		6E6936502AE93E45006085E1 /* MBezierPath+Extension_macOS.swift in Sources */ = {isa = PBXBuildFile; fileRef = 6E69360A2AE93E44006085E1 /* MBezierPath+Extension_macOS.swift */; };
		6E6936512AE93E45006085E1 /* MBezierPath+Extension_macOS.swift in Sources */ = {isa = PBXBuildFile; fileRef = 6E69360A2AE93E44006085E1 /* MBezierPath+Extension_macOS.swift */; };
		6E6936522AE93E45006085E1 /* UIExtensions.swift in Sources */ = {isa = PBXBuildFile; fileRef = 6E69360B2AE93E44006085E1 /* UIExtensions.swift */; };
		6E6936532AE93E45006085E1 /* UIExtensions.swift in Sources */ = {isa = PBXBuildFile; fileRef = 6E69360B2AE93E44006085E1 /* UIExtensions.swift */; };
		6E6936542AE93E45006085E1 /* UIExtensions.swift in Sources */ = {isa = PBXBuildFile; fileRef = 6E69360B2AE93E44006085E1 /* UIExtensions.swift */; };
		6E6936552AE93E45006085E1 /* Serializable.swift in Sources */ = {isa = PBXBuildFile; fileRef = 6E69360D2AE93E44006085E1 /* Serializable.swift */; };
		6E6936562AE93E45006085E1 /* Serializable.swift in Sources */ = {isa = PBXBuildFile; fileRef = 6E69360D2AE93E44006085E1 /* Serializable.swift */; };
		6E6936572AE93E45006085E1 /* Serializable.swift in Sources */ = {isa = PBXBuildFile; fileRef = 6E69360D2AE93E44006085E1 /* Serializable.swift */; };
		6E6936582AE93E45006085E1 /* Serializations.swift in Sources */ = {isa = PBXBuildFile; fileRef = 6E69360E2AE93E44006085E1 /* Serializations.swift */; };
		6E6936592AE93E45006085E1 /* Serializations.swift in Sources */ = {isa = PBXBuildFile; fileRef = 6E69360E2AE93E44006085E1 /* Serializations.swift */; };
		6E69365A2AE93E45006085E1 /* Serializations.swift in Sources */ = {isa = PBXBuildFile; fileRef = 6E69360E2AE93E44006085E1 /* Serializations.swift */; };
		6E69365B2AE93E45006085E1 /* Serializer.swift in Sources */ = {isa = PBXBuildFile; fileRef = 6E69360F2AE93E44006085E1 /* Serializer.swift */; };
		6E69365C2AE93E45006085E1 /* Serializer.swift in Sources */ = {isa = PBXBuildFile; fileRef = 6E69360F2AE93E44006085E1 /* Serializer.swift */; };
		6E69365D2AE93E45006085E1 /* Serializer.swift in Sources */ = {isa = PBXBuildFile; fileRef = 6E69360F2AE93E44006085E1 /* Serializer.swift */; };
		6E69365E2AE93E45006085E1 /* SVGLinker.swift in Sources */ = {isa = PBXBuildFile; fileRef = 6E6936132AE93E44006085E1 /* SVGLinker.swift */; };
		6E69365F2AE93E45006085E1 /* SVGLinker.swift in Sources */ = {isa = PBXBuildFile; fileRef = 6E6936132AE93E44006085E1 /* SVGLinker.swift */; };
		6E6936602AE93E45006085E1 /* SVGLinker.swift in Sources */ = {isa = PBXBuildFile; fileRef = 6E6936132AE93E44006085E1 /* SVGLinker.swift */; };
		6E6936612AE93E45006085E1 /* SVGLogger.swift in Sources */ = {isa = PBXBuildFile; fileRef = 6E6936142AE93E44006085E1 /* SVGLogger.swift */; };
		6E6936622AE93E45006085E1 /* SVGLogger.swift in Sources */ = {isa = PBXBuildFile; fileRef = 6E6936142AE93E44006085E1 /* SVGLogger.swift */; };
		6E6936632AE93E45006085E1 /* SVGLogger.swift in Sources */ = {isa = PBXBuildFile; fileRef = 6E6936142AE93E44006085E1 /* SVGLogger.swift */; };
		6E6936642AE93E45006085E1 /* SVGScreen.swift in Sources */ = {isa = PBXBuildFile; fileRef = 6E6936152AE93E44006085E1 /* SVGScreen.swift */; };
		6E6936652AE93E45006085E1 /* SVGScreen.swift in Sources */ = {isa = PBXBuildFile; fileRef = 6E6936152AE93E44006085E1 /* SVGScreen.swift */; };
		6E6936662AE93E45006085E1 /* SVGScreen.swift in Sources */ = {isa = PBXBuildFile; fileRef = 6E6936152AE93E44006085E1 /* SVGScreen.swift */; };
		6E6936672AE93E45006085E1 /* SVGSettings.swift in Sources */ = {isa = PBXBuildFile; fileRef = 6E6936162AE93E44006085E1 /* SVGSettings.swift */; };
		6E6936682AE93E45006085E1 /* SVGSettings.swift in Sources */ = {isa = PBXBuildFile; fileRef = 6E6936162AE93E44006085E1 /* SVGSettings.swift */; };
		6E6936692AE93E45006085E1 /* SVGSettings.swift in Sources */ = {isa = PBXBuildFile; fileRef = 6E6936162AE93E44006085E1 /* SVGSettings.swift */; };
		6E69366A2AE93E45006085E1 /* SVGParserExtensions.swift in Sources */ = {isa = PBXBuildFile; fileRef = 6E6936172AE93E44006085E1 /* SVGParserExtensions.swift */; };
		6E69366B2AE93E45006085E1 /* SVGParserExtensions.swift in Sources */ = {isa = PBXBuildFile; fileRef = 6E6936172AE93E44006085E1 /* SVGParserExtensions.swift */; };
		6E69366C2AE93E45006085E1 /* SVGParserExtensions.swift in Sources */ = {isa = PBXBuildFile; fileRef = 6E6936172AE93E44006085E1 /* SVGParserExtensions.swift */; };
		6E69366D2AE93E45006085E1 /* SVGContext.swift in Sources */ = {isa = PBXBuildFile; fileRef = 6E6936182AE93E44006085E1 /* SVGContext.swift */; };
		6E69366E2AE93E45006085E1 /* SVGContext.swift in Sources */ = {isa = PBXBuildFile; fileRef = 6E6936182AE93E44006085E1 /* SVGContext.swift */; };
		6E69366F2AE93E45006085E1 /* SVGContext.swift in Sources */ = {isa = PBXBuildFile; fileRef = 6E6936182AE93E44006085E1 /* SVGContext.swift */; };
		6E6936702AE93E45006085E1 /* SVGPathReader.swift in Sources */ = {isa = PBXBuildFile; fileRef = 6E6936192AE93E44006085E1 /* SVGPathReader.swift */; };
		6E6936712AE93E45006085E1 /* SVGPathReader.swift in Sources */ = {isa = PBXBuildFile; fileRef = 6E6936192AE93E44006085E1 /* SVGPathReader.swift */; };
		6E6936722AE93E45006085E1 /* SVGPathReader.swift in Sources */ = {isa = PBXBuildFile; fileRef = 6E6936192AE93E44006085E1 /* SVGPathReader.swift */; };
		6E6936732AE93E45006085E1 /* SVGLengthParser.swift in Sources */ = {isa = PBXBuildFile; fileRef = 6E69361B2AE93E44006085E1 /* SVGLengthParser.swift */; };
		6E6936742AE93E45006085E1 /* SVGLengthParser.swift in Sources */ = {isa = PBXBuildFile; fileRef = 6E69361B2AE93E44006085E1 /* SVGLengthParser.swift */; };
		6E6936752AE93E45006085E1 /* SVGLengthParser.swift in Sources */ = {isa = PBXBuildFile; fileRef = 6E69361B2AE93E44006085E1 /* SVGLengthParser.swift */; };
		6E6936762AE93E45006085E1 /* SVGConstants.swift in Sources */ = {isa = PBXBuildFile; fileRef = 6E69361C2AE93E44006085E1 /* SVGConstants.swift */; };
		6E6936772AE93E45006085E1 /* SVGConstants.swift in Sources */ = {isa = PBXBuildFile; fileRef = 6E69361C2AE93E44006085E1 /* SVGConstants.swift */; };
		6E6936782AE93E45006085E1 /* SVGConstants.swift in Sources */ = {isa = PBXBuildFile; fileRef = 6E69361C2AE93E44006085E1 /* SVGConstants.swift */; };
		6E6936792AE93E45006085E1 /* SVGAttribute.swift in Sources */ = {isa = PBXBuildFile; fileRef = 6E69361E2AE93E44006085E1 /* SVGAttribute.swift */; };
		6E69367A2AE93E45006085E1 /* SVGAttribute.swift in Sources */ = {isa = PBXBuildFile; fileRef = 6E69361E2AE93E44006085E1 /* SVGAttribute.swift */; };
		6E69367B2AE93E45006085E1 /* SVGAttribute.swift in Sources */ = {isa = PBXBuildFile; fileRef = 6E69361E2AE93E44006085E1 /* SVGAttribute.swift */; };
		6E69367C2AE93E45006085E1 /* SVGLengthAttribute.swift in Sources */ = {isa = PBXBuildFile; fileRef = 6E69361F2AE93E44006085E1 /* SVGLengthAttribute.swift */; };
		6E69367D2AE93E45006085E1 /* SVGLengthAttribute.swift in Sources */ = {isa = PBXBuildFile; fileRef = 6E69361F2AE93E44006085E1 /* SVGLengthAttribute.swift */; };
		6E69367E2AE93E45006085E1 /* SVGLengthAttribute.swift in Sources */ = {isa = PBXBuildFile; fileRef = 6E69361F2AE93E44006085E1 /* SVGLengthAttribute.swift */; };
		6E69367F2AE93E45006085E1 /* SVGFontSizeAttribute.swift in Sources */ = {isa = PBXBuildFile; fileRef = 6E6936202AE93E44006085E1 /* SVGFontSizeAttribute.swift */; };
		6E6936802AE93E45006085E1 /* SVGFontSizeAttribute.swift in Sources */ = {isa = PBXBuildFile; fileRef = 6E6936202AE93E44006085E1 /* SVGFontSizeAttribute.swift */; };
		6E6936812AE93E45006085E1 /* SVGFontSizeAttribute.swift in Sources */ = {isa = PBXBuildFile; fileRef = 6E6936202AE93E44006085E1 /* SVGFontSizeAttribute.swift */; };
		6E6936822AE93E45006085E1 /* SVGShapeParser.swift in Sources */ = {isa = PBXBuildFile; fileRef = 6E6936222AE93E44006085E1 /* SVGShapeParser.swift */; };
		6E6936832AE93E45006085E1 /* SVGShapeParser.swift in Sources */ = {isa = PBXBuildFile; fileRef = 6E6936222AE93E44006085E1 /* SVGShapeParser.swift */; };
		6E6936842AE93E45006085E1 /* SVGShapeParser.swift in Sources */ = {isa = PBXBuildFile; fileRef = 6E6936222AE93E44006085E1 /* SVGShapeParser.swift */; };
		6E6936852AE93E45006085E1 /* SVGImageParser.swift in Sources */ = {isa = PBXBuildFile; fileRef = 6E6936232AE93E44006085E1 /* SVGImageParser.swift */; };
		6E6936862AE93E45006085E1 /* SVGImageParser.swift in Sources */ = {isa = PBXBuildFile; fileRef = 6E6936232AE93E44006085E1 /* SVGImageParser.swift */; };
		6E6936872AE93E45006085E1 /* SVGImageParser.swift in Sources */ = {isa = PBXBuildFile; fileRef = 6E6936232AE93E44006085E1 /* SVGImageParser.swift */; };
		6E6936882AE93E45006085E1 /* SVGElementParser.swift in Sources */ = {isa = PBXBuildFile; fileRef = 6E6936242AE93E44006085E1 /* SVGElementParser.swift */; };
		6E6936892AE93E45006085E1 /* SVGElementParser.swift in Sources */ = {isa = PBXBuildFile; fileRef = 6E6936242AE93E44006085E1 /* SVGElementParser.swift */; };
		6E69368A2AE93E45006085E1 /* SVGElementParser.swift in Sources */ = {isa = PBXBuildFile; fileRef = 6E6936242AE93E44006085E1 /* SVGElementParser.swift */; };
		6E69368B2AE93E45006085E1 /* SVGTextParser.swift in Sources */ = {isa = PBXBuildFile; fileRef = 6E6936252AE93E44006085E1 /* SVGTextParser.swift */; };
		6E69368C2AE93E45006085E1 /* SVGTextParser.swift in Sources */ = {isa = PBXBuildFile; fileRef = 6E6936252AE93E44006085E1 /* SVGTextParser.swift */; };
		6E69368D2AE93E45006085E1 /* SVGTextParser.swift in Sources */ = {isa = PBXBuildFile; fileRef = 6E6936252AE93E44006085E1 /* SVGTextParser.swift */; };
		6E69368E2AE93E45006085E1 /* SVGStructureParsers.swift in Sources */ = {isa = PBXBuildFile; fileRef = 6E6936262AE93E44006085E1 /* SVGStructureParsers.swift */; };
		6E69368F2AE93E45006085E1 /* SVGStructureParsers.swift in Sources */ = {isa = PBXBuildFile; fileRef = 6E6936262AE93E44006085E1 /* SVGStructureParsers.swift */; };
		6E6936902AE93E45006085E1 /* SVGStructureParsers.swift in Sources */ = {isa = PBXBuildFile; fileRef = 6E6936262AE93E44006085E1 /* SVGStructureParsers.swift */; };
		6E6936912AE93E45006085E1 /* SVGParserBasics.swift in Sources */ = {isa = PBXBuildFile; fileRef = 6E6936272AE93E44006085E1 /* SVGParserBasics.swift */; };
		6E6936922AE93E45006085E1 /* SVGParserBasics.swift in Sources */ = {isa = PBXBuildFile; fileRef = 6E6936272AE93E44006085E1 /* SVGParserBasics.swift */; };
		6E6936932AE93E45006085E1 /* SVGParserBasics.swift in Sources */ = {isa = PBXBuildFile; fileRef = 6E6936272AE93E44006085E1 /* SVGParserBasics.swift */; };
		6E6936942AE93E45006085E1 /* SVGParserPrimitives.swift in Sources */ = {isa = PBXBuildFile; fileRef = 6E6936282AE93E44006085E1 /* SVGParserPrimitives.swift */; };
		6E6936952AE93E45006085E1 /* SVGParserPrimitives.swift in Sources */ = {isa = PBXBuildFile; fileRef = 6E6936282AE93E44006085E1 /* SVGParserPrimitives.swift */; };
		6E6936962AE93E45006085E1 /* SVGParserPrimitives.swift in Sources */ = {isa = PBXBuildFile; fileRef = 6E6936282AE93E44006085E1 /* SVGParserPrimitives.swift */; };
		6E6936972AE93E45006085E1 /* SVGView.swift in Sources */ = {isa = PBXBuildFile; fileRef = 6E6936292AE93E44006085E1 /* SVGView.swift */; };
		6E6936982AE93E45006085E1 /* SVGView.swift in Sources */ = {isa = PBXBuildFile; fileRef = 6E6936292AE93E44006085E1 /* SVGView.swift */; };
		6E6936992AE93E45006085E1 /* SVGView.swift in Sources */ = {isa = PBXBuildFile; fileRef = 6E6936292AE93E44006085E1 /* SVGView.swift */; };
		6E69369A2AE93E45006085E1 /* SVGParser.swift in Sources */ = {isa = PBXBuildFile; fileRef = 6E69362A2AE93E44006085E1 /* SVGParser.swift */; };
		6E69369B2AE93E45006085E1 /* SVGParser.swift in Sources */ = {isa = PBXBuildFile; fileRef = 6E69362A2AE93E44006085E1 /* SVGParser.swift */; };
		6E69369C2AE93E45006085E1 /* SVGParser.swift in Sources */ = {isa = PBXBuildFile; fileRef = 6E69362A2AE93E44006085E1 /* SVGParser.swift */; };
		6E69369D2AE93E45006085E1 /* SVGIndex.swift in Sources */ = {isa = PBXBuildFile; fileRef = 6E69362B2AE93E44006085E1 /* SVGIndex.swift */; };
		6E69369E2AE93E45006085E1 /* SVGIndex.swift in Sources */ = {isa = PBXBuildFile; fileRef = 6E69362B2AE93E44006085E1 /* SVGIndex.swift */; };
		6E69369F2AE93E45006085E1 /* SVGIndex.swift in Sources */ = {isa = PBXBuildFile; fileRef = 6E69362B2AE93E44006085E1 /* SVGIndex.swift */; };
		6E6936A02AE93E45006085E1 /* CSSParser.swift in Sources */ = {isa = PBXBuildFile; fileRef = 6E69362D2AE93E44006085E1 /* CSSParser.swift */; };
		6E6936A12AE93E45006085E1 /* CSSParser.swift in Sources */ = {isa = PBXBuildFile; fileRef = 6E69362D2AE93E44006085E1 /* CSSParser.swift */; };
		6E6936A22AE93E45006085E1 /* CSSParser.swift in Sources */ = {isa = PBXBuildFile; fileRef = 6E69362D2AE93E44006085E1 /* CSSParser.swift */; };
		6E6936A32AE93E45006085E1 /* DOMParser.swift in Sources */ = {isa = PBXBuildFile; fileRef = 6E69362F2AE93E44006085E1 /* DOMParser.swift */; };
		6E6936A42AE93E45006085E1 /* DOMParser.swift in Sources */ = {isa = PBXBuildFile; fileRef = 6E69362F2AE93E44006085E1 /* DOMParser.swift */; };
		6E6936A52AE93E45006085E1 /* DOMParser.swift in Sources */ = {isa = PBXBuildFile; fileRef = 6E69362F2AE93E44006085E1 /* DOMParser.swift */; };
		6E6936A62AE93E45006085E1 /* XMLNode.swift in Sources */ = {isa = PBXBuildFile; fileRef = 6E6936302AE93E44006085E1 /* XMLNode.swift */; };
		6E6936A72AE93E45006085E1 /* XMLNode.swift in Sources */ = {isa = PBXBuildFile; fileRef = 6E6936302AE93E44006085E1 /* XMLNode.swift */; };
		6E6936A82AE93E45006085E1 /* XMLNode.swift in Sources */ = {isa = PBXBuildFile; fileRef = 6E6936302AE93E44006085E1 /* XMLNode.swift */; };
		6E6936A92AE93E45006085E1 /* SVGText.swift in Sources */ = {isa = PBXBuildFile; fileRef = 6E6936332AE93E44006085E1 /* SVGText.swift */; };
		6E6936AA2AE93E45006085E1 /* SVGText.swift in Sources */ = {isa = PBXBuildFile; fileRef = 6E6936332AE93E44006085E1 /* SVGText.swift */; };
		6E6936AB2AE93E45006085E1 /* SVGText.swift in Sources */ = {isa = PBXBuildFile; fileRef = 6E6936332AE93E44006085E1 /* SVGText.swift */; };
		6E6936AC2AE93E45006085E1 /* SVGNode.swift in Sources */ = {isa = PBXBuildFile; fileRef = 6E6936342AE93E44006085E1 /* SVGNode.swift */; };
		6E6936AD2AE93E45006085E1 /* SVGNode.swift in Sources */ = {isa = PBXBuildFile; fileRef = 6E6936342AE93E44006085E1 /* SVGNode.swift */; };
		6E6936AE2AE93E45006085E1 /* SVGNode.swift in Sources */ = {isa = PBXBuildFile; fileRef = 6E6936342AE93E44006085E1 /* SVGNode.swift */; };
		6E6936AF2AE93E45006085E1 /* SVGViewport.swift in Sources */ = {isa = PBXBuildFile; fileRef = 6E6936352AE93E44006085E1 /* SVGViewport.swift */; };
		6E6936B02AE93E45006085E1 /* SVGViewport.swift in Sources */ = {isa = PBXBuildFile; fileRef = 6E6936352AE93E44006085E1 /* SVGViewport.swift */; };
		6E6936B12AE93E45006085E1 /* SVGViewport.swift in Sources */ = {isa = PBXBuildFile; fileRef = 6E6936352AE93E44006085E1 /* SVGViewport.swift */; };
		6E6936B22AE93E45006085E1 /* SVGShape.swift in Sources */ = {isa = PBXBuildFile; fileRef = 6E6936362AE93E44006085E1 /* SVGShape.swift */; };
		6E6936B32AE93E45006085E1 /* SVGShape.swift in Sources */ = {isa = PBXBuildFile; fileRef = 6E6936362AE93E44006085E1 /* SVGShape.swift */; };
		6E6936B42AE93E45006085E1 /* SVGShape.swift in Sources */ = {isa = PBXBuildFile; fileRef = 6E6936362AE93E44006085E1 /* SVGShape.swift */; };
		6E6936B52AE93E45006085E1 /* SVGGroup.swift in Sources */ = {isa = PBXBuildFile; fileRef = 6E6936372AE93E44006085E1 /* SVGGroup.swift */; };
		6E6936B62AE93E45006085E1 /* SVGGroup.swift in Sources */ = {isa = PBXBuildFile; fileRef = 6E6936372AE93E44006085E1 /* SVGGroup.swift */; };
		6E6936B72AE93E45006085E1 /* SVGGroup.swift in Sources */ = {isa = PBXBuildFile; fileRef = 6E6936372AE93E44006085E1 /* SVGGroup.swift */; };
		6E6936B82AE93E45006085E1 /* SVGUserSpaceNode.swift in Sources */ = {isa = PBXBuildFile; fileRef = 6E6936382AE93E44006085E1 /* SVGUserSpaceNode.swift */; };
		6E6936B92AE93E45006085E1 /* SVGUserSpaceNode.swift in Sources */ = {isa = PBXBuildFile; fileRef = 6E6936382AE93E44006085E1 /* SVGUserSpaceNode.swift */; };
		6E6936BA2AE93E45006085E1 /* SVGUserSpaceNode.swift in Sources */ = {isa = PBXBuildFile; fileRef = 6E6936382AE93E44006085E1 /* SVGUserSpaceNode.swift */; };
		6E6936BB2AE93E45006085E1 /* SVGImage.swift in Sources */ = {isa = PBXBuildFile; fileRef = 6E6936392AE93E44006085E1 /* SVGImage.swift */; };
		6E6936BC2AE93E45006085E1 /* SVGImage.swift in Sources */ = {isa = PBXBuildFile; fileRef = 6E6936392AE93E44006085E1 /* SVGImage.swift */; };
		6E6936BD2AE93E45006085E1 /* SVGImage.swift in Sources */ = {isa = PBXBuildFile; fileRef = 6E6936392AE93E44006085E1 /* SVGImage.swift */; };
		6E6936BE2AE93E45006085E1 /* SVGURLImage.swift in Sources */ = {isa = PBXBuildFile; fileRef = 6E69363B2AE93E44006085E1 /* SVGURLImage.swift */; };
		6E6936BF2AE93E45006085E1 /* SVGURLImage.swift in Sources */ = {isa = PBXBuildFile; fileRef = 6E69363B2AE93E44006085E1 /* SVGURLImage.swift */; };
		6E6936C02AE93E45006085E1 /* SVGURLImage.swift in Sources */ = {isa = PBXBuildFile; fileRef = 6E69363B2AE93E44006085E1 /* SVGURLImage.swift */; };
		6E6936C12AE93E45006085E1 /* SVGDataImage.swift in Sources */ = {isa = PBXBuildFile; fileRef = 6E69363C2AE93E44006085E1 /* SVGDataImage.swift */; };
		6E6936C22AE93E45006085E1 /* SVGDataImage.swift in Sources */ = {isa = PBXBuildFile; fileRef = 6E69363C2AE93E44006085E1 /* SVGDataImage.swift */; };
		6E6936C32AE93E45006085E1 /* SVGDataImage.swift in Sources */ = {isa = PBXBuildFile; fileRef = 6E69363C2AE93E44006085E1 /* SVGDataImage.swift */; };
		6E6936C42AE93E45006085E1 /* SVGPolygon.swift in Sources */ = {isa = PBXBuildFile; fileRef = 6E69363E2AE93E44006085E1 /* SVGPolygon.swift */; };
		6E6936C52AE93E45006085E1 /* SVGPolygon.swift in Sources */ = {isa = PBXBuildFile; fileRef = 6E69363E2AE93E44006085E1 /* SVGPolygon.swift */; };
		6E6936C62AE93E45006085E1 /* SVGPolygon.swift in Sources */ = {isa = PBXBuildFile; fileRef = 6E69363E2AE93E44006085E1 /* SVGPolygon.swift */; };
		6E6936C72AE93E45006085E1 /* SVGLine.swift in Sources */ = {isa = PBXBuildFile; fileRef = 6E69363F2AE93E44006085E1 /* SVGLine.swift */; };
		6E6936C82AE93E45006085E1 /* SVGLine.swift in Sources */ = {isa = PBXBuildFile; fileRef = 6E69363F2AE93E44006085E1 /* SVGLine.swift */; };
		6E6936C92AE93E45006085E1 /* SVGLine.swift in Sources */ = {isa = PBXBuildFile; fileRef = 6E69363F2AE93E44006085E1 /* SVGLine.swift */; };
		6E6936CA2AE93E45006085E1 /* SVGPath.swift in Sources */ = {isa = PBXBuildFile; fileRef = 6E6936402AE93E44006085E1 /* SVGPath.swift */; };
		6E6936CB2AE93E45006085E1 /* SVGPath.swift in Sources */ = {isa = PBXBuildFile; fileRef = 6E6936402AE93E44006085E1 /* SVGPath.swift */; };
		6E6936CC2AE93E45006085E1 /* SVGPath.swift in Sources */ = {isa = PBXBuildFile; fileRef = 6E6936402AE93E44006085E1 /* SVGPath.swift */; };
		6E6936CD2AE93E45006085E1 /* SVGPolyline.swift in Sources */ = {isa = PBXBuildFile; fileRef = 6E6936412AE93E44006085E1 /* SVGPolyline.swift */; };
		6E6936CE2AE93E45006085E1 /* SVGPolyline.swift in Sources */ = {isa = PBXBuildFile; fileRef = 6E6936412AE93E44006085E1 /* SVGPolyline.swift */; };
		6E6936CF2AE93E45006085E1 /* SVGPolyline.swift in Sources */ = {isa = PBXBuildFile; fileRef = 6E6936412AE93E44006085E1 /* SVGPolyline.swift */; };
		6E6936D02AE93E45006085E1 /* SVGRect.swift in Sources */ = {isa = PBXBuildFile; fileRef = 6E6936422AE93E44006085E1 /* SVGRect.swift */; };
		6E6936D12AE93E45006085E1 /* SVGRect.swift in Sources */ = {isa = PBXBuildFile; fileRef = 6E6936422AE93E44006085E1 /* SVGRect.swift */; };
		6E6936D22AE93E45006085E1 /* SVGRect.swift in Sources */ = {isa = PBXBuildFile; fileRef = 6E6936422AE93E44006085E1 /* SVGRect.swift */; };
		6E6936D32AE93E45006085E1 /* SVGEllipse.swift in Sources */ = {isa = PBXBuildFile; fileRef = 6E6936432AE93E44006085E1 /* SVGEllipse.swift */; };
		6E6936D42AE93E45006085E1 /* SVGEllipse.swift in Sources */ = {isa = PBXBuildFile; fileRef = 6E6936432AE93E44006085E1 /* SVGEllipse.swift */; };
		6E6936D52AE93E45006085E1 /* SVGEllipse.swift in Sources */ = {isa = PBXBuildFile; fileRef = 6E6936432AE93E44006085E1 /* SVGEllipse.swift */; };
		6E6936D62AE93E45006085E1 /* SVGCircle.swift in Sources */ = {isa = PBXBuildFile; fileRef = 6E6936442AE93E44006085E1 /* SVGCircle.swift */; };
		6E6936D72AE93E45006085E1 /* SVGCircle.swift in Sources */ = {isa = PBXBuildFile; fileRef = 6E6936442AE93E44006085E1 /* SVGCircle.swift */; };
		6E6936D82AE93E45006085E1 /* SVGCircle.swift in Sources */ = {isa = PBXBuildFile; fileRef = 6E6936442AE93E44006085E1 /* SVGCircle.swift */; };
		6E6936D92AE93E45006085E1 /* SVGLength.swift in Sources */ = {isa = PBXBuildFile; fileRef = 6E6936462AE93E44006085E1 /* SVGLength.swift */; };
		6E6936DA2AE93E45006085E1 /* SVGLength.swift in Sources */ = {isa = PBXBuildFile; fileRef = 6E6936462AE93E44006085E1 /* SVGLength.swift */; };
		6E6936DB2AE93E45006085E1 /* SVGLength.swift in Sources */ = {isa = PBXBuildFile; fileRef = 6E6936462AE93E44006085E1 /* SVGLength.swift */; };
		6E6936DC2AE93E45006085E1 /* SVGColor.swift in Sources */ = {isa = PBXBuildFile; fileRef = 6E6936472AE93E44006085E1 /* SVGColor.swift */; };
		6E6936DD2AE93E45006085E1 /* SVGColor.swift in Sources */ = {isa = PBXBuildFile; fileRef = 6E6936472AE93E44006085E1 /* SVGColor.swift */; };
		6E6936DE2AE93E45006085E1 /* SVGColor.swift in Sources */ = {isa = PBXBuildFile; fileRef = 6E6936472AE93E44006085E1 /* SVGColor.swift */; };
		6E6936DF2AE93E45006085E1 /* SVGFont.swift in Sources */ = {isa = PBXBuildFile; fileRef = 6E6936482AE93E44006085E1 /* SVGFont.swift */; };
		6E6936E02AE93E45006085E1 /* SVGFont.swift in Sources */ = {isa = PBXBuildFile; fileRef = 6E6936482AE93E44006085E1 /* SVGFont.swift */; };
		6E6936E12AE93E45006085E1 /* SVGFont.swift in Sources */ = {isa = PBXBuildFile; fileRef = 6E6936482AE93E44006085E1 /* SVGFont.swift */; };
		6E6936E22AE93E45006085E1 /* SVGPaint.swift in Sources */ = {isa = PBXBuildFile; fileRef = 6E6936492AE93E44006085E1 /* SVGPaint.swift */; };
		6E6936E32AE93E45006085E1 /* SVGPaint.swift in Sources */ = {isa = PBXBuildFile; fileRef = 6E6936492AE93E44006085E1 /* SVGPaint.swift */; };
		6E6936E42AE93E45006085E1 /* SVGPaint.swift in Sources */ = {isa = PBXBuildFile; fileRef = 6E6936492AE93E44006085E1 /* SVGPaint.swift */; };
		6E6936E52AE93E45006085E1 /* SVGPreserveAspectRatio.swift in Sources */ = {isa = PBXBuildFile; fileRef = 6E69364A2AE93E44006085E1 /* SVGPreserveAspectRatio.swift */; };
		6E6936E62AE93E45006085E1 /* SVGPreserveAspectRatio.swift in Sources */ = {isa = PBXBuildFile; fileRef = 6E69364A2AE93E44006085E1 /* SVGPreserveAspectRatio.swift */; };
		6E6936E72AE93E45006085E1 /* SVGPreserveAspectRatio.swift in Sources */ = {isa = PBXBuildFile; fileRef = 6E69364A2AE93E44006085E1 /* SVGPreserveAspectRatio.swift */; };
		6E6936E82AE93E45006085E1 /* SVGGradient.swift in Sources */ = {isa = PBXBuildFile; fileRef = 6E69364B2AE93E44006085E1 /* SVGGradient.swift */; };
		6E6936E92AE93E45006085E1 /* SVGGradient.swift in Sources */ = {isa = PBXBuildFile; fileRef = 6E69364B2AE93E44006085E1 /* SVGGradient.swift */; };
		6E6936EA2AE93E45006085E1 /* SVGGradient.swift in Sources */ = {isa = PBXBuildFile; fileRef = 6E69364B2AE93E44006085E1 /* SVGGradient.swift */; };
		6E6936EB2AE93E45006085E1 /* SVGStroke.swift in Sources */ = {isa = PBXBuildFile; fileRef = 6E69364C2AE93E44006085E1 /* SVGStroke.swift */; };
		6E6936EC2AE93E45006085E1 /* SVGStroke.swift in Sources */ = {isa = PBXBuildFile; fileRef = 6E69364C2AE93E44006085E1 /* SVGStroke.swift */; };
		6E6936ED2AE93E45006085E1 /* SVGStroke.swift in Sources */ = {isa = PBXBuildFile; fileRef = 6E69364C2AE93E44006085E1 /* SVGStroke.swift */; };
		6E6936F22AEA19F6006085E1 /* TWExtension.swift in Sources */ = {isa = PBXBuildFile; fileRef = 6E6936F12AEA19F6006085E1 /* TWExtension.swift */; };
		6E6936F32AEA19F6006085E1 /* TWExtension.swift in Sources */ = {isa = PBXBuildFile; fileRef = 6E6936F12AEA19F6006085E1 /* TWExtension.swift */; };
		6E6936F42AEA19F6006085E1 /* TWExtension.swift in Sources */ = {isa = PBXBuildFile; fileRef = 6E6936F12AEA19F6006085E1 /* TWExtension.swift */; };
		6E7DD5EB2AD5542F003E0C77 /* TermiWatchApp.swift in Sources */ = {isa = PBXBuildFile; fileRef = 6E7DD5EA2AD5542F003E0C77 /* TermiWatchApp.swift */; };
		6E7DD5F02AD55431003E0C77 /* Assets.xcassets in Resources */ = {isa = PBXBuildFile; fileRef = 6E7DD5EF2AD55431003E0C77 /* Assets.xcassets */; };
		6E7DD5F32AD55431003E0C77 /* LaunchScreen.storyboard in Resources */ = {isa = PBXBuildFile; fileRef = 6E7DD5F12AD55431003E0C77 /* LaunchScreen.storyboard */; };
		6E7DD6072AD5546A003E0C77 /* TermiWatchWidgetApp.swift in Sources */ = {isa = PBXBuildFile; fileRef = 6E7DD6062AD5546A003E0C77 /* TermiWatchWidgetApp.swift */; };
		6E7DD6092AD5546A003E0C77 /* ContentView.swift in Sources */ = {isa = PBXBuildFile; fileRef = 6E7DD6082AD5546A003E0C77 /* ContentView.swift */; };
		6E7DD60B2AD5546C003E0C77 /* Assets.xcassets in Resources */ = {isa = PBXBuildFile; fileRef = 6E7DD60A2AD5546C003E0C77 /* Assets.xcassets */; };
		6E7DD60E2AD5546C003E0C77 /* Preview Assets.xcassets in Resources */ = {isa = PBXBuildFile; fileRef = 6E7DD60D2AD5546C003E0C77 /* Preview Assets.xcassets */; };
		6E7DD6172AD554D6003E0C77 /* TermiWatchWidget Watch App.app in Embed Watch Content */ = {isa = PBXBuildFile; fileRef = 6E7DD6012AD5546A003E0C77 /* TermiWatchWidget Watch App.app */; settings = {ATTRIBUTES = (RemoveHeadersOnCopy, ); }; };
		6E7DD6382AD5554C003E0C77 /* WidgetKit.framework in Frameworks */ = {isa = PBXBuildFile; fileRef = 6E7DD6202AD554FA003E0C77 /* WidgetKit.framework */; };
		6E7DD6392AD5554C003E0C77 /* SwiftUI.framework in Frameworks */ = {isa = PBXBuildFile; fileRef = 6E7DD6222AD554FA003E0C77 /* SwiftUI.framework */; };
		6E7DD63C2AD5554C003E0C77 /* TermiWatchWidget.swift in Sources */ = {isa = PBXBuildFile; fileRef = 6E7DD63B2AD5554C003E0C77 /* TermiWatchWidget.swift */; };
		6E7DD6402AD5554E003E0C77 /* Assets.xcassets in Resources */ = {isa = PBXBuildFile; fileRef = 6E7DD63F2AD5554E003E0C77 /* Assets.xcassets */; };
		6E7DD6442AD5554E003E0C77 /* TermiWatchWidget Extension.appex in Embed Foundation Extensions */ = {isa = PBXBuildFile; fileRef = 6E7DD6372AD5554C003E0C77 /* TermiWatchWidget Extension.appex */; settings = {ATTRIBUTES = (RemoveHeadersOnCopy, ); }; };
		6E7DD64A2AD5604A003E0C77 /* WeatherUtils.swift in Sources */ = {isa = PBXBuildFile; fileRef = 6E7DD6492AD5604A003E0C77 /* WeatherUtils.swift */; };
		6E7DD64C2AD56891003E0C77 /* Settings.bundle in Resources */ = {isa = PBXBuildFile; fileRef = 6E7DD64B2AD56891003E0C77 /* Settings.bundle */; };
		6E7DD6522AD64537003E0C77 /* HealthObserver.swift in Sources */ = {isa = PBXBuildFile; fileRef = 6E7DD6512AD64537003E0C77 /* HealthObserver.swift */; };
		6EAA2BB62AF0C24600368E8D /* JieQi.swift in Sources */ = {isa = PBXBuildFile; fileRef = 6EAA2BB52AF0C24600368E8D /* JieQi.swift */; };
		6EAA2BB72AF0E39F00368E8D /* JieQi.swift in Sources */ = {isa = PBXBuildFile; fileRef = 6EAA2BB52AF0C24600368E8D /* JieQi.swift */; };
		6EAA2BB82AF0E3A000368E8D /* JieQi.swift in Sources */ = {isa = PBXBuildFile; fileRef = 6EAA2BB52AF0C24600368E8D /* JieQi.swift */; };
/* End PBXBuildFile section */

/* Begin PBXContainerItemProxy section */
		6E7DD6182AD554D6003E0C77 /* PBXContainerItemProxy */ = {
			isa = PBXContainerItemProxy;
			containerPortal = 6E7DD5DB2AD5542F003E0C77 /* Project object */;
			proxyType = 1;
			remoteGlobalIDString = 6E7DD6002AD5546A003E0C77;
			remoteInfo = "WatchKitApp Watch App";
		};
		6E7DD6422AD5554E003E0C77 /* PBXContainerItemProxy */ = {
			isa = PBXContainerItemProxy;
			containerPortal = 6E7DD5DB2AD5542F003E0C77 /* Project object */;
			proxyType = 1;
			remoteGlobalIDString = 6E7DD6362AD5554C003E0C77;
			remoteInfo = MyWatchWidgetExtension;
		};
/* End PBXContainerItemProxy section */

/* Begin PBXCopyFilesBuildPhase section */
		6E7DD61A2AD554D6003E0C77 /* Embed Watch Content */ = {
			isa = PBXCopyFilesBuildPhase;
			buildActionMask = 2147483647;
			dstPath = "$(CONTENTS_FOLDER_PATH)/Watch";
			dstSubfolderSpec = 16;
			files = (
				6E7DD6172AD554D6003E0C77 /* TermiWatchWidget Watch App.app in Embed Watch Content */,
			);
			name = "Embed Watch Content";
			runOnlyForDeploymentPostprocessing = 0;
		};
		6E7DD6322AD554FC003E0C77 /* Embed Foundation Extensions */ = {
			isa = PBXCopyFilesBuildPhase;
			buildActionMask = 2147483647;
			dstPath = "";
			dstSubfolderSpec = 13;
			files = (
				6E7DD6442AD5554E003E0C77 /* TermiWatchWidget Extension.appex in Embed Foundation Extensions */,
			);
			name = "Embed Foundation Extensions";
			runOnlyForDeploymentPostprocessing = 0;
		};
/* End PBXCopyFilesBuildPhase section */

/* Begin PBXFileReference section */
		6E2CC4252AEBCB0B002E58D5 /* QConfiguration.swift */ = {isa = PBXFileReference; lastKnownFileType = sourcecode.swift; path = QConfiguration.swift; sourceTree = "<group>"; };
		6E43A4FE2ADCE96A00B90ED9 /* QCommonView.swift */ = {isa = PBXFileReference; lastKnownFileType = sourcecode.swift; path = QCommonView.swift; sourceTree = "<group>"; };
		6E43A50A2ADCF81C00B90ED9 /* QTermiViewModel.swift */ = {isa = PBXFileReference; lastKnownFileType = sourcecode.swift; path = QTermiViewModel.swift; sourceTree = "<group>"; };
		6E43A50D2ADD0E7500B90ED9 /* TermiWatchWidget-Watch-App-Info.plist */ = {isa = PBXFileReference; lastKnownFileType = text.plist; path = "TermiWatchWidget-Watch-App-Info.plist"; sourceTree = SOURCE_ROOT; };
		6E43A5132ADD2BFB00B90ED9 /* TermiWatchWidget.entitlements */ = {isa = PBXFileReference; lastKnownFileType = text.plist.entitlements; path = TermiWatchWidget.entitlements; sourceTree = "<group>"; };
		6E6935352AE92A0A006085E1 /* HFBundle.bundle */ = {isa = PBXFileReference; lastKnownFileType = "wrapper.plug-in"; path = HFBundle.bundle; sourceTree = "<group>"; };
		6E69360A2AE93E44006085E1 /* MBezierPath+Extension_macOS.swift */ = {isa = PBXFileReference; fileEncoding = 4; lastKnownFileType = sourcecode.swift; path = "MBezierPath+Extension_macOS.swift"; sourceTree = "<group>"; };
		6E69360B2AE93E44006085E1 /* UIExtensions.swift */ = {isa = PBXFileReference; fileEncoding = 4; lastKnownFileType = sourcecode.swift; path = UIExtensions.swift; sourceTree = "<group>"; };
		6E69360D2AE93E44006085E1 /* Serializable.swift */ = {isa = PBXFileReference; fileEncoding = 4; lastKnownFileType = sourcecode.swift; path = Serializable.swift; sourceTree = "<group>"; };
		6E69360E2AE93E44006085E1 /* Serializations.swift */ = {isa = PBXFileReference; fileEncoding = 4; lastKnownFileType = sourcecode.swift; path = Serializations.swift; sourceTree = "<group>"; };
		6E69360F2AE93E44006085E1 /* Serializer.swift */ = {isa = PBXFileReference; fileEncoding = 4; lastKnownFileType = sourcecode.swift; path = Serializer.swift; sourceTree = "<group>"; };
		6E6936132AE93E44006085E1 /* SVGLinker.swift */ = {isa = PBXFileReference; fileEncoding = 4; lastKnownFileType = sourcecode.swift; path = SVGLinker.swift; sourceTree = "<group>"; };
		6E6936142AE93E44006085E1 /* SVGLogger.swift */ = {isa = PBXFileReference; fileEncoding = 4; lastKnownFileType = sourcecode.swift; path = SVGLogger.swift; sourceTree = "<group>"; };
		6E6936152AE93E44006085E1 /* SVGScreen.swift */ = {isa = PBXFileReference; fileEncoding = 4; lastKnownFileType = sourcecode.swift; path = SVGScreen.swift; sourceTree = "<group>"; };
		6E6936162AE93E44006085E1 /* SVGSettings.swift */ = {isa = PBXFileReference; fileEncoding = 4; lastKnownFileType = sourcecode.swift; path = SVGSettings.swift; sourceTree = "<group>"; };
		6E6936172AE93E44006085E1 /* SVGParserExtensions.swift */ = {isa = PBXFileReference; fileEncoding = 4; lastKnownFileType = sourcecode.swift; path = SVGParserExtensions.swift; sourceTree = "<group>"; };
		6E6936182AE93E44006085E1 /* SVGContext.swift */ = {isa = PBXFileReference; fileEncoding = 4; lastKnownFileType = sourcecode.swift; path = SVGContext.swift; sourceTree = "<group>"; };
		6E6936192AE93E44006085E1 /* SVGPathReader.swift */ = {isa = PBXFileReference; fileEncoding = 4; lastKnownFileType = sourcecode.swift; path = SVGPathReader.swift; sourceTree = "<group>"; };
		6E69361B2AE93E44006085E1 /* SVGLengthParser.swift */ = {isa = PBXFileReference; fileEncoding = 4; lastKnownFileType = sourcecode.swift; path = SVGLengthParser.swift; sourceTree = "<group>"; };
		6E69361C2AE93E44006085E1 /* SVGConstants.swift */ = {isa = PBXFileReference; fileEncoding = 4; lastKnownFileType = sourcecode.swift; path = SVGConstants.swift; sourceTree = "<group>"; };
		6E69361E2AE93E44006085E1 /* SVGAttribute.swift */ = {isa = PBXFileReference; fileEncoding = 4; lastKnownFileType = sourcecode.swift; path = SVGAttribute.swift; sourceTree = "<group>"; };
		6E69361F2AE93E44006085E1 /* SVGLengthAttribute.swift */ = {isa = PBXFileReference; fileEncoding = 4; lastKnownFileType = sourcecode.swift; path = SVGLengthAttribute.swift; sourceTree = "<group>"; };
		6E6936202AE93E44006085E1 /* SVGFontSizeAttribute.swift */ = {isa = PBXFileReference; fileEncoding = 4; lastKnownFileType = sourcecode.swift; path = SVGFontSizeAttribute.swift; sourceTree = "<group>"; };
		6E6936222AE93E44006085E1 /* SVGShapeParser.swift */ = {isa = PBXFileReference; fileEncoding = 4; lastKnownFileType = sourcecode.swift; path = SVGShapeParser.swift; sourceTree = "<group>"; };
		6E6936232AE93E44006085E1 /* SVGImageParser.swift */ = {isa = PBXFileReference; fileEncoding = 4; lastKnownFileType = sourcecode.swift; path = SVGImageParser.swift; sourceTree = "<group>"; };
		6E6936242AE93E44006085E1 /* SVGElementParser.swift */ = {isa = PBXFileReference; fileEncoding = 4; lastKnownFileType = sourcecode.swift; path = SVGElementParser.swift; sourceTree = "<group>"; };
		6E6936252AE93E44006085E1 /* SVGTextParser.swift */ = {isa = PBXFileReference; fileEncoding = 4; lastKnownFileType = sourcecode.swift; path = SVGTextParser.swift; sourceTree = "<group>"; };
		6E6936262AE93E44006085E1 /* SVGStructureParsers.swift */ = {isa = PBXFileReference; fileEncoding = 4; lastKnownFileType = sourcecode.swift; path = SVGStructureParsers.swift; sourceTree = "<group>"; };
		6E6936272AE93E44006085E1 /* SVGParserBasics.swift */ = {isa = PBXFileReference; fileEncoding = 4; lastKnownFileType = sourcecode.swift; path = SVGParserBasics.swift; sourceTree = "<group>"; };
		6E6936282AE93E44006085E1 /* SVGParserPrimitives.swift */ = {isa = PBXFileReference; fileEncoding = 4; lastKnownFileType = sourcecode.swift; path = SVGParserPrimitives.swift; sourceTree = "<group>"; };
		6E6936292AE93E44006085E1 /* SVGView.swift */ = {isa = PBXFileReference; fileEncoding = 4; lastKnownFileType = sourcecode.swift; path = SVGView.swift; sourceTree = "<group>"; };
		6E69362A2AE93E44006085E1 /* SVGParser.swift */ = {isa = PBXFileReference; fileEncoding = 4; lastKnownFileType = sourcecode.swift; path = SVGParser.swift; sourceTree = "<group>"; };
		6E69362B2AE93E44006085E1 /* SVGIndex.swift */ = {isa = PBXFileReference; fileEncoding = 4; lastKnownFileType = sourcecode.swift; path = SVGIndex.swift; sourceTree = "<group>"; };
		6E69362D2AE93E44006085E1 /* CSSParser.swift */ = {isa = PBXFileReference; fileEncoding = 4; lastKnownFileType = sourcecode.swift; path = CSSParser.swift; sourceTree = "<group>"; };
		6E69362F2AE93E44006085E1 /* DOMParser.swift */ = {isa = PBXFileReference; fileEncoding = 4; lastKnownFileType = sourcecode.swift; path = DOMParser.swift; sourceTree = "<group>"; };
		6E6936302AE93E44006085E1 /* XMLNode.swift */ = {isa = PBXFileReference; fileEncoding = 4; lastKnownFileType = sourcecode.swift; path = XMLNode.swift; sourceTree = "<group>"; };
		6E6936332AE93E44006085E1 /* SVGText.swift */ = {isa = PBXFileReference; fileEncoding = 4; lastKnownFileType = sourcecode.swift; path = SVGText.swift; sourceTree = "<group>"; };
		6E6936342AE93E44006085E1 /* SVGNode.swift */ = {isa = PBXFileReference; fileEncoding = 4; lastKnownFileType = sourcecode.swift; path = SVGNode.swift; sourceTree = "<group>"; };
		6E6936352AE93E44006085E1 /* SVGViewport.swift */ = {isa = PBXFileReference; fileEncoding = 4; lastKnownFileType = sourcecode.swift; path = SVGViewport.swift; sourceTree = "<group>"; };
		6E6936362AE93E44006085E1 /* SVGShape.swift */ = {isa = PBXFileReference; fileEncoding = 4; lastKnownFileType = sourcecode.swift; path = SVGShape.swift; sourceTree = "<group>"; };
		6E6936372AE93E44006085E1 /* SVGGroup.swift */ = {isa = PBXFileReference; fileEncoding = 4; lastKnownFileType = sourcecode.swift; path = SVGGroup.swift; sourceTree = "<group>"; };
		6E6936382AE93E44006085E1 /* SVGUserSpaceNode.swift */ = {isa = PBXFileReference; fileEncoding = 4; lastKnownFileType = sourcecode.swift; path = SVGUserSpaceNode.swift; sourceTree = "<group>"; };
		6E6936392AE93E44006085E1 /* SVGImage.swift */ = {isa = PBXFileReference; fileEncoding = 4; lastKnownFileType = sourcecode.swift; path = SVGImage.swift; sourceTree = "<group>"; };
		6E69363B2AE93E44006085E1 /* SVGURLImage.swift */ = {isa = PBXFileReference; fileEncoding = 4; lastKnownFileType = sourcecode.swift; path = SVGURLImage.swift; sourceTree = "<group>"; };
		6E69363C2AE93E44006085E1 /* SVGDataImage.swift */ = {isa = PBXFileReference; fileEncoding = 4; lastKnownFileType = sourcecode.swift; path = SVGDataImage.swift; sourceTree = "<group>"; };
		6E69363E2AE93E44006085E1 /* SVGPolygon.swift */ = {isa = PBXFileReference; fileEncoding = 4; lastKnownFileType = sourcecode.swift; path = SVGPolygon.swift; sourceTree = "<group>"; };
		6E69363F2AE93E44006085E1 /* SVGLine.swift */ = {isa = PBXFileReference; fileEncoding = 4; lastKnownFileType = sourcecode.swift; path = SVGLine.swift; sourceTree = "<group>"; };
		6E6936402AE93E44006085E1 /* SVGPath.swift */ = {isa = PBXFileReference; fileEncoding = 4; lastKnownFileType = sourcecode.swift; path = SVGPath.swift; sourceTree = "<group>"; };
		6E6936412AE93E44006085E1 /* SVGPolyline.swift */ = {isa = PBXFileReference; fileEncoding = 4; lastKnownFileType = sourcecode.swift; path = SVGPolyline.swift; sourceTree = "<group>"; };
		6E6936422AE93E44006085E1 /* SVGRect.swift */ = {isa = PBXFileReference; fileEncoding = 4; lastKnownFileType = sourcecode.swift; path = SVGRect.swift; sourceTree = "<group>"; };
		6E6936432AE93E44006085E1 /* SVGEllipse.swift */ = {isa = PBXFileReference; fileEncoding = 4; lastKnownFileType = sourcecode.swift; path = SVGEllipse.swift; sourceTree = "<group>"; };
		6E6936442AE93E44006085E1 /* SVGCircle.swift */ = {isa = PBXFileReference; fileEncoding = 4; lastKnownFileType = sourcecode.swift; path = SVGCircle.swift; sourceTree = "<group>"; };
		6E6936462AE93E44006085E1 /* SVGLength.swift */ = {isa = PBXFileReference; fileEncoding = 4; lastKnownFileType = sourcecode.swift; path = SVGLength.swift; sourceTree = "<group>"; };
		6E6936472AE93E44006085E1 /* SVGColor.swift */ = {isa = PBXFileReference; fileEncoding = 4; lastKnownFileType = sourcecode.swift; path = SVGColor.swift; sourceTree = "<group>"; };
		6E6936482AE93E44006085E1 /* SVGFont.swift */ = {isa = PBXFileReference; fileEncoding = 4; lastKnownFileType = sourcecode.swift; path = SVGFont.swift; sourceTree = "<group>"; };
		6E6936492AE93E44006085E1 /* SVGPaint.swift */ = {isa = PBXFileReference; fileEncoding = 4; lastKnownFileType = sourcecode.swift; path = SVGPaint.swift; sourceTree = "<group>"; };
		6E69364A2AE93E44006085E1 /* SVGPreserveAspectRatio.swift */ = {isa = PBXFileReference; fileEncoding = 4; lastKnownFileType = sourcecode.swift; path = SVGPreserveAspectRatio.swift; sourceTree = "<group>"; };
		6E69364B2AE93E44006085E1 /* SVGGradient.swift */ = {isa = PBXFileReference; fileEncoding = 4; lastKnownFileType = sourcecode.swift; path = SVGGradient.swift; sourceTree = "<group>"; };
		6E69364C2AE93E44006085E1 /* SVGStroke.swift */ = {isa = PBXFileReference; fileEncoding = 4; lastKnownFileType = sourcecode.swift; path = SVGStroke.swift; sourceTree = "<group>"; };
		6E69364E2AE93E44006085E1 /* SVGView.h */ = {isa = PBXFileReference; fileEncoding = 4; lastKnownFileType = sourcecode.c.h; path = SVGView.h; sourceTree = "<group>"; };
		6E6936F12AEA19F6006085E1 /* TWExtension.swift */ = {isa = PBXFileReference; lastKnownFileType = sourcecode.swift; path = TWExtension.swift; sourceTree = "<group>"; };
		6E7DD5E32AD5542F003E0C77 /* TermiWatchWidget.app */ = {isa = PBXFileReference; explicitFileType = wrapper.application; includeInIndex = 0; path = TermiWatchWidget.app; sourceTree = BUILT_PRODUCTS_DIR; };
		6E7DD5EA2AD5542F003E0C77 /* TermiWatchApp.swift */ = {isa = PBXFileReference; lastKnownFileType = sourcecode.swift; path = TermiWatchApp.swift; sourceTree = "<group>"; };
		6E7DD5EF2AD55431003E0C77 /* Assets.xcassets */ = {isa = PBXFileReference; lastKnownFileType = folder.assetcatalog; path = Assets.xcassets; sourceTree = "<group>"; };
		6E7DD5F22AD55431003E0C77 /* Base */ = {isa = PBXFileReference; lastKnownFileType = file.storyboard; name = Base; path = Base.lproj/LaunchScreen.storyboard; sourceTree = "<group>"; };
		6E7DD5F42AD55431003E0C77 /* Info.plist */ = {isa = PBXFileReference; lastKnownFileType = text.plist.xml; path = Info.plist; sourceTree = "<group>"; };
		6E7DD6012AD5546A003E0C77 /* TermiWatchWidget Watch App.app */ = {isa = PBXFileReference; explicitFileType = wrapper.application; includeInIndex = 0; path = "TermiWatchWidget Watch App.app"; sourceTree = BUILT_PRODUCTS_DIR; };
		6E7DD6062AD5546A003E0C77 /* TermiWatchWidgetApp.swift */ = {isa = PBXFileReference; lastKnownFileType = sourcecode.swift; path = TermiWatchWidgetApp.swift; sourceTree = "<group>"; };
		6E7DD6082AD5546A003E0C77 /* ContentView.swift */ = {isa = PBXFileReference; lastKnownFileType = sourcecode.swift; path = ContentView.swift; sourceTree = "<group>"; };
		6E7DD60A2AD5546C003E0C77 /* Assets.xcassets */ = {isa = PBXFileReference; lastKnownFileType = folder.assetcatalog; path = Assets.xcassets; sourceTree = "<group>"; };
		6E7DD60D2AD5546C003E0C77 /* Preview Assets.xcassets */ = {isa = PBXFileReference; lastKnownFileType = folder.assetcatalog; path = "Preview Assets.xcassets"; sourceTree = "<group>"; };
		6E7DD6202AD554FA003E0C77 /* WidgetKit.framework */ = {isa = PBXFileReference; lastKnownFileType = wrapper.framework; name = WidgetKit.framework; path = System/Library/Frameworks/WidgetKit.framework; sourceTree = SDKROOT; };
		6E7DD6222AD554FA003E0C77 /* SwiftUI.framework */ = {isa = PBXFileReference; lastKnownFileType = wrapper.framework; name = SwiftUI.framework; path = System/Library/Frameworks/SwiftUI.framework; sourceTree = SDKROOT; };
		6E7DD6372AD5554C003E0C77 /* TermiWatchWidget Extension.appex */ = {isa = PBXFileReference; explicitFileType = "wrapper.app-extension"; includeInIndex = 0; path = "TermiWatchWidget Extension.appex"; sourceTree = BUILT_PRODUCTS_DIR; };
		6E7DD63B2AD5554C003E0C77 /* TermiWatchWidget.swift */ = {isa = PBXFileReference; lastKnownFileType = sourcecode.swift; path = TermiWatchWidget.swift; sourceTree = "<group>"; };
		6E7DD63F2AD5554E003E0C77 /* Assets.xcassets */ = {isa = PBXFileReference; lastKnownFileType = folder.assetcatalog; path = Assets.xcassets; sourceTree = "<group>"; };
		6E7DD6412AD5554E003E0C77 /* Info.plist */ = {isa = PBXFileReference; lastKnownFileType = text.plist.xml; path = Info.plist; sourceTree = "<group>"; };
		6E7DD6492AD5604A003E0C77 /* WeatherUtils.swift */ = {isa = PBXFileReference; fileEncoding = 4; lastKnownFileType = sourcecode.swift; path = WeatherUtils.swift; sourceTree = "<group>"; };
		6E7DD64B2AD56891003E0C77 /* Settings.bundle */ = {isa = PBXFileReference; lastKnownFileType = "wrapper.plug-in"; path = Settings.bundle; sourceTree = "<group>"; };
		6E7DD6512AD64537003E0C77 /* HealthObserver.swift */ = {isa = PBXFileReference; lastKnownFileType = sourcecode.swift; path = HealthObserver.swift; sourceTree = "<group>"; };
		6E7DD6552AD7D7FC003E0C77 /* zh-Hans */ = {isa = PBXFileReference; lastKnownFileType = text.plist.strings; name = "zh-Hans"; path = "zh-Hans.lproj/LaunchScreen.strings"; sourceTree = "<group>"; };
		6E7DD6582AD95212003E0C77 /* TermiWatchWidget Watch App.entitlements */ = {isa = PBXFileReference; lastKnownFileType = text.plist.entitlements; path = "TermiWatchWidget Watch App.entitlements"; sourceTree = "<group>"; };
		6E7DD6592AD952B6003E0C77 /* TermiWatchWidgetExtension.entitlements */ = {isa = PBXFileReference; lastKnownFileType = text.plist.entitlements; path = TermiWatchWidgetExtension.entitlements; sourceTree = "<group>"; };
		6EAA2BB52AF0C24600368E8D /* JieQi.swift */ = {isa = PBXFileReference; lastKnownFileType = sourcecode.swift; path = JieQi.swift; sourceTree = "<group>"; };
/* End PBXFileReference section */

/* Begin PBXFrameworksBuildPhase section */
		6E7DD5E02AD5542F003E0C77 /* Frameworks */ = {
			isa = PBXFrameworksBuildPhase;
			buildActionMask = 2147483647;
			files = (
			);
			runOnlyForDeploymentPostprocessing = 0;
		};
		6E7DD5FE2AD5546A003E0C77 /* Frameworks */ = {
			isa = PBXFrameworksBuildPhase;
			buildActionMask = 2147483647;
			files = (
			);
			runOnlyForDeploymentPostprocessing = 0;
		};
		6E7DD6342AD5554C003E0C77 /* Frameworks */ = {
			isa = PBXFrameworksBuildPhase;
			buildActionMask = 2147483647;
			files = (
				6E7DD6392AD5554C003E0C77 /* SwiftUI.framework in Frameworks */,
				6E7DD6382AD5554C003E0C77 /* WidgetKit.framework in Frameworks */,
			);
			runOnlyForDeploymentPostprocessing = 0;
		};
/* End PBXFrameworksBuildPhase section */

/* Begin PBXGroup section */
		6E43A5062ADCF64C00B90ED9 /* View */ = {
			isa = PBXGroup;
			children = (
				6E43A4FE2ADCE96A00B90ED9 /* QCommonView.swift */,
			);
			path = View;
			sourceTree = "<group>";
		};
		6E43A5072ADCF65100B90ED9 /* Model */ = {
			isa = PBXGroup;
			children = (
				6E43A50A2ADCF81C00B90ED9 /* QTermiViewModel.swift */,
			);
			path = Model;
			sourceTree = "<group>";
		};
		6E6936082AE93E44006085E1 /* SVGView */ = {
			isa = PBXGroup;
			children = (
				6E6936092AE93E44006085E1 /* UI */,
				6E69360C2AE93E44006085E1 /* Serialization */,
				6E6936102AE93E44006085E1 /* Parser */,
				6E6936312AE93E44006085E1 /* Model */,
				6E69364E2AE93E44006085E1 /* SVGView.h */,
			);
			path = SVGView;
			sourceTree = "<group>";
		};
		6E6936092AE93E44006085E1 /* UI */ = {
			isa = PBXGroup;
			children = (
				6E69360A2AE93E44006085E1 /* MBezierPath+Extension_macOS.swift */,
				6E69360B2AE93E44006085E1 /* UIExtensions.swift */,
			);
			path = UI;
			sourceTree = "<group>";
		};
		6E69360C2AE93E44006085E1 /* Serialization */ = {
			isa = PBXGroup;
			children = (
				6E69360D2AE93E44006085E1 /* Serializable.swift */,
				6E69360E2AE93E44006085E1 /* Serializations.swift */,
				6E69360F2AE93E44006085E1 /* Serializer.swift */,
			);
			path = Serialization;
			sourceTree = "<group>";
		};
		6E6936102AE93E44006085E1 /* Parser */ = {
			isa = PBXGroup;
			children = (
				6E6936112AE93E44006085E1 /* SVG */,
				6E69362C2AE93E44006085E1 /* CSS */,
				6E69362E2AE93E44006085E1 /* XML */,
			);
			path = Parser;
			sourceTree = "<group>";
		};
		6E6936112AE93E44006085E1 /* SVG */ = {
			isa = PBXGroup;
			children = (
				6E6936122AE93E44006085E1 /* Settings */,
				6E6936172AE93E44006085E1 /* SVGParserExtensions.swift */,
				6E6936182AE93E44006085E1 /* SVGContext.swift */,
				6E6936192AE93E44006085E1 /* SVGPathReader.swift */,
				6E69361A2AE93E44006085E1 /* Primitives */,
				6E69361C2AE93E44006085E1 /* SVGConstants.swift */,
				6E69361D2AE93E44006085E1 /* Attributes */,
				6E6936212AE93E44006085E1 /* Elements */,
				6E6936272AE93E44006085E1 /* SVGParserBasics.swift */,
				6E6936282AE93E44006085E1 /* SVGParserPrimitives.swift */,
				6E6936292AE93E44006085E1 /* SVGView.swift */,
				6E69362A2AE93E44006085E1 /* SVGParser.swift */,
				6E69362B2AE93E44006085E1 /* SVGIndex.swift */,
			);
			path = SVG;
			sourceTree = "<group>";
		};
		6E6936122AE93E44006085E1 /* Settings */ = {
			isa = PBXGroup;
			children = (
				6E6936132AE93E44006085E1 /* SVGLinker.swift */,
				6E6936142AE93E44006085E1 /* SVGLogger.swift */,
				6E6936152AE93E44006085E1 /* SVGScreen.swift */,
				6E6936162AE93E44006085E1 /* SVGSettings.swift */,
			);
			path = Settings;
			sourceTree = "<group>";
		};
		6E69361A2AE93E44006085E1 /* Primitives */ = {
			isa = PBXGroup;
			children = (
				6E69361B2AE93E44006085E1 /* SVGLengthParser.swift */,
			);
			path = Primitives;
			sourceTree = "<group>";
		};
		6E69361D2AE93E44006085E1 /* Attributes */ = {
			isa = PBXGroup;
			children = (
				6E69361E2AE93E44006085E1 /* SVGAttribute.swift */,
				6E69361F2AE93E44006085E1 /* SVGLengthAttribute.swift */,
				6E6936202AE93E44006085E1 /* SVGFontSizeAttribute.swift */,
			);
			path = Attributes;
			sourceTree = "<group>";
		};
		6E6936212AE93E44006085E1 /* Elements */ = {
			isa = PBXGroup;
			children = (
				6E6936222AE93E44006085E1 /* SVGShapeParser.swift */,
				6E6936232AE93E44006085E1 /* SVGImageParser.swift */,
				6E6936242AE93E44006085E1 /* SVGElementParser.swift */,
				6E6936252AE93E44006085E1 /* SVGTextParser.swift */,
				6E6936262AE93E44006085E1 /* SVGStructureParsers.swift */,
			);
			path = Elements;
			sourceTree = "<group>";
		};
		6E69362C2AE93E44006085E1 /* CSS */ = {
			isa = PBXGroup;
			children = (
				6E69362D2AE93E44006085E1 /* CSSParser.swift */,
			);
			path = CSS;
			sourceTree = "<group>";
		};
		6E69362E2AE93E44006085E1 /* XML */ = {
			isa = PBXGroup;
			children = (
				6E69362F2AE93E44006085E1 /* DOMParser.swift */,
				6E6936302AE93E44006085E1 /* XMLNode.swift */,
			);
			path = XML;
			sourceTree = "<group>";
		};
		6E6936312AE93E44006085E1 /* Model */ = {
			isa = PBXGroup;
			children = (
				6E6936322AE93E44006085E1 /* Nodes */,
				6E69363A2AE93E44006085E1 /* Images */,
				6E69363D2AE93E44006085E1 /* Shapes */,
				6E6936452AE93E44006085E1 /* Primitives */,
			);
			path = Model;
			sourceTree = "<group>";
		};
		6E6936322AE93E44006085E1 /* Nodes */ = {
			isa = PBXGroup;
			children = (
				6E6936332AE93E44006085E1 /* SVGText.swift */,
				6E6936342AE93E44006085E1 /* SVGNode.swift */,
				6E6936352AE93E44006085E1 /* SVGViewport.swift */,
				6E6936362AE93E44006085E1 /* SVGShape.swift */,
				6E6936372AE93E44006085E1 /* SVGGroup.swift */,
				6E6936382AE93E44006085E1 /* SVGUserSpaceNode.swift */,
				6E6936392AE93E44006085E1 /* SVGImage.swift */,
			);
			path = Nodes;
			sourceTree = "<group>";
		};
		6E69363A2AE93E44006085E1 /* Images */ = {
			isa = PBXGroup;
			children = (
				6E69363B2AE93E44006085E1 /* SVGURLImage.swift */,
				6E69363C2AE93E44006085E1 /* SVGDataImage.swift */,
			);
			path = Images;
			sourceTree = "<group>";
		};
		6E69363D2AE93E44006085E1 /* Shapes */ = {
			isa = PBXGroup;
			children = (
				6E69363E2AE93E44006085E1 /* SVGPolygon.swift */,
				6E69363F2AE93E44006085E1 /* SVGLine.swift */,
				6E6936402AE93E44006085E1 /* SVGPath.swift */,
				6E6936412AE93E44006085E1 /* SVGPolyline.swift */,
				6E6936422AE93E44006085E1 /* SVGRect.swift */,
				6E6936432AE93E44006085E1 /* SVGEllipse.swift */,
				6E6936442AE93E44006085E1 /* SVGCircle.swift */,
			);
			path = Shapes;
			sourceTree = "<group>";
		};
		6E6936452AE93E44006085E1 /* Primitives */ = {
			isa = PBXGroup;
			children = (
				6E6936462AE93E44006085E1 /* SVGLength.swift */,
				6E6936472AE93E44006085E1 /* SVGColor.swift */,
				6E6936482AE93E44006085E1 /* SVGFont.swift */,
				6E6936492AE93E44006085E1 /* SVGPaint.swift */,
				6E69364A2AE93E44006085E1 /* SVGPreserveAspectRatio.swift */,
				6E69364B2AE93E44006085E1 /* SVGGradient.swift */,
				6E69364C2AE93E44006085E1 /* SVGStroke.swift */,
			);
			path = Primitives;
			sourceTree = "<group>";
		};
		6E7DD5DA2AD5542F003E0C77 = {
			isa = PBXGroup;
			children = (
				6E7DD6592AD952B6003E0C77 /* TermiWatchWidgetExtension.entitlements */,
				6E7DD5E52AD5542F003E0C77 /* TermiWatchWidget */,
				6E7DD6052AD5546A003E0C77 /* TermiWatchWidget Watch App */,
				6E7DD63A2AD5554C003E0C77 /* TermiWatchWidget_Widget */,
				6E7DD5E42AD5542F003E0C77 /* Products */,
				6E7DD6162AD554D6003E0C77 /* Frameworks */,
			);
			sourceTree = "<group>";
		};
		6E7DD5E42AD5542F003E0C77 /* Products */ = {
			isa = PBXGroup;
			children = (
				6E7DD5E32AD5542F003E0C77 /* TermiWatchWidget.app */,
				6E7DD6012AD5546A003E0C77 /* TermiWatchWidget Watch App.app */,
				6E7DD6372AD5554C003E0C77 /* TermiWatchWidget Extension.appex */,
			);
			name = Products;
			sourceTree = "<group>";
		};
		6E7DD5E52AD5542F003E0C77 /* TermiWatchWidget */ = {
			isa = PBXGroup;
			children = (
				6E2CC4252AEBCB0B002E58D5 /* QConfiguration.swift */,
				6E6936F12AEA19F6006085E1 /* TWExtension.swift */,
				6EAA2BB52AF0C24600368E8D /* JieQi.swift */,
				6E6936082AE93E44006085E1 /* SVGView */,
				6E43A5132ADD2BFB00B90ED9 /* TermiWatchWidget.entitlements */,
				6E7DD5EA2AD5542F003E0C77 /* TermiWatchApp.swift */,
				6E7DD5EF2AD55431003E0C77 /* Assets.xcassets */,
				6E7DD5F12AD55431003E0C77 /* LaunchScreen.storyboard */,
				6E7DD5F42AD55431003E0C77 /* Info.plist */,
				6E7DD64B2AD56891003E0C77 /* Settings.bundle */,
				6E6935352AE92A0A006085E1 /* HFBundle.bundle */,
			);
			path = TermiWatchWidget;
			sourceTree = "<group>";
		};
		6E7DD6052AD5546A003E0C77 /* TermiWatchWidget Watch App */ = {
			isa = PBXGroup;
			children = (
				6E43A50D2ADD0E7500B90ED9 /* TermiWatchWidget-Watch-App-Info.plist */,
				6E43A5072ADCF65100B90ED9 /* Model */,
				6E43A5062ADCF64C00B90ED9 /* View */,
				6E7DD6582AD95212003E0C77 /* TermiWatchWidget Watch App.entitlements */,
				6E7DD6062AD5546A003E0C77 /* TermiWatchWidgetApp.swift */,
				6E7DD6082AD5546A003E0C77 /* ContentView.swift */,
				6E7DD60A2AD5546C003E0C77 /* Assets.xcassets */,
				6E7DD60C2AD5546C003E0C77 /* Preview Content */,
			);
			path = "TermiWatchWidget Watch App";
			sourceTree = "<group>";
		};
		6E7DD60C2AD5546C003E0C77 /* Preview Content */ = {
			isa = PBXGroup;
			children = (
				6E7DD60D2AD5546C003E0C77 /* Preview Assets.xcassets */,
			);
			path = "Preview Content";
			sourceTree = "<group>";
		};
		6E7DD6162AD554D6003E0C77 /* Frameworks */ = {
			isa = PBXGroup;
			children = (
				6E7DD6202AD554FA003E0C77 /* WidgetKit.framework */,
				6E7DD6222AD554FA003E0C77 /* SwiftUI.framework */,
			);
			name = Frameworks;
			sourceTree = "<group>";
		};
		6E7DD63A2AD5554C003E0C77 /* TermiWatchWidget_Widget */ = {
			isa = PBXGroup;
			children = (
				6E7DD63B2AD5554C003E0C77 /* TermiWatchWidget.swift */,
				6E7DD6492AD5604A003E0C77 /* WeatherUtils.swift */,
				6E7DD6512AD64537003E0C77 /* HealthObserver.swift */,
				6E7DD63F2AD5554E003E0C77 /* Assets.xcassets */,
				6E7DD6412AD5554E003E0C77 /* Info.plist */,
			);
			path = TermiWatchWidget_Widget;
			sourceTree = "<group>";
		};
/* End PBXGroup section */

/* Begin PBXNativeTarget section */
		6E7DD5E22AD5542F003E0C77 /* TermiWatchWidget */ = {
			isa = PBXNativeTarget;
			buildConfigurationList = 6E7DD5F72AD55431003E0C77 /* Build configuration list for PBXNativeTarget "TermiWatchWidget" */;
			buildPhases = (
				6E7DD5DF2AD5542F003E0C77 /* Sources */,
				6E7DD5E02AD5542F003E0C77 /* Frameworks */,
				6E7DD5E12AD5542F003E0C77 /* Resources */,
				6E7DD61A2AD554D6003E0C77 /* Embed Watch Content */,
			);
			buildRules = (
			);
			dependencies = (
				6E7DD6192AD554D6003E0C77 /* PBXTargetDependency */,
			);
			name = TermiWatchWidget;
			productName = MyWatchApp;
			productReference = 6E7DD5E32AD5542F003E0C77 /* TermiWatchWidget.app */;
			productType = "com.apple.product-type.application";
		};
		6E7DD6002AD5546A003E0C77 /* TermiWatchWidget Watch App */ = {
			isa = PBXNativeTarget;
			buildConfigurationList = 6E7DD60F2AD5546C003E0C77 /* Build configuration list for PBXNativeTarget "TermiWatchWidget Watch App" */;
			buildPhases = (
				6E7DD5FD2AD5546A003E0C77 /* Sources */,
				6E7DD5FE2AD5546A003E0C77 /* Frameworks */,
				6E7DD5FF2AD5546A003E0C77 /* Resources */,
				6E7DD6322AD554FC003E0C77 /* Embed Foundation Extensions */,
			);
			buildRules = (
			);
			dependencies = (
				6E7DD6432AD5554E003E0C77 /* PBXTargetDependency */,
			);
			name = "TermiWatchWidget Watch App";
			productName = "WatchKitApp Watch App";
			productReference = 6E7DD6012AD5546A003E0C77 /* TermiWatchWidget Watch App.app */;
			productType = "com.apple.product-type.application";
		};
		6E7DD6362AD5554C003E0C77 /* TermiWatchWidget Extension */ = {
			isa = PBXNativeTarget;
			buildConfigurationList = 6E7DD6452AD5554E003E0C77 /* Build configuration list for PBXNativeTarget "TermiWatchWidget Extension" */;
			buildPhases = (
				6E7DD6332AD5554C003E0C77 /* Sources */,
				6E7DD6342AD5554C003E0C77 /* Frameworks */,
				6E7DD6352AD5554C003E0C77 /* Resources */,
			);
			buildRules = (
			);
			dependencies = (
			);
			name = "TermiWatchWidget Extension";
			productName = MyWatchWidgetExtension;
			productReference = 6E7DD6372AD5554C003E0C77 /* TermiWatchWidget Extension.appex */;
			productType = "com.apple.product-type.app-extension";
		};
/* End PBXNativeTarget section */

/* Begin PBXProject section */
		6E7DD5DB2AD5542F003E0C77 /* Project object */ = {
			isa = PBXProject;
			attributes = {
				BuildIndependentTargetsInParallel = 1;
				LastSwiftUpdateCheck = 1500;
				LastUpgradeCheck = 1500;
				TargetAttributes = {
					6E7DD5E22AD5542F003E0C77 = {
						CreatedOnToolsVersion = 15.0;
					};
					6E7DD6002AD5546A003E0C77 = {
						CreatedOnToolsVersion = 15.0;
					};
					6E7DD6362AD5554C003E0C77 = {
						CreatedOnToolsVersion = 15.0;
					};
				};
			};
			buildConfigurationList = 6E7DD5DE2AD5542F003E0C77 /* Build configuration list for PBXProject "TermiWatchWidget" */;
			compatibilityVersion = "Xcode 14.0";
			developmentRegion = en;
			hasScannedForEncodings = 0;
			knownRegions = (
				en,
				Base,
				"zh-Hans",
			);
			mainGroup = 6E7DD5DA2AD5542F003E0C77;
			productRefGroup = 6E7DD5E42AD5542F003E0C77 /* Products */;
			projectDirPath = "";
			projectRoot = "";
			targets = (
				6E7DD5E22AD5542F003E0C77 /* TermiWatchWidget */,
				6E7DD6002AD5546A003E0C77 /* TermiWatchWidget Watch App */,
				6E7DD6362AD5554C003E0C77 /* TermiWatchWidget Extension */,
			);
		};
/* End PBXProject section */

/* Begin PBXResourcesBuildPhase section */
		6E7DD5E12AD5542F003E0C77 /* Resources */ = {
			isa = PBXResourcesBuildPhase;
			buildActionMask = 2147483647;
			files = (
				6E7DD64C2AD56891003E0C77 /* Settings.bundle in Resources */,
				6E6935362AE92A0A006085E1 /* HFBundle.bundle in Resources */,
				6E7DD5F32AD55431003E0C77 /* LaunchScreen.storyboard in Resources */,
				6E7DD5F02AD55431003E0C77 /* Assets.xcassets in Resources */,
			);
			runOnlyForDeploymentPostprocessing = 0;
		};
		6E7DD5FF2AD5546A003E0C77 /* Resources */ = {
			isa = PBXResourcesBuildPhase;
			buildActionMask = 2147483647;
			files = (
				6E7DD60E2AD5546C003E0C77 /* Preview Assets.xcassets in Resources */,
				6E7DD60B2AD5546C003E0C77 /* Assets.xcassets in Resources */,
				6E6935372AE92A0A006085E1 /* HFBundle.bundle in Resources */,
			);
			runOnlyForDeploymentPostprocessing = 0;
		};
		6E7DD6352AD5554C003E0C77 /* Resources */ = {
			isa = PBXResourcesBuildPhase;
			buildActionMask = 2147483647;
			files = (
				6E7DD6402AD5554E003E0C77 /* Assets.xcassets in Resources */,
				6E6935382AE92A0A006085E1 /* HFBundle.bundle in Resources */,
			);
			runOnlyForDeploymentPostprocessing = 0;
		};
/* End PBXResourcesBuildPhase section */

/* Begin PBXSourcesBuildPhase section */
		6E7DD5DF2AD5542F003E0C77 /* Sources */ = {
			isa = PBXSourcesBuildPhase;
			buildActionMask = 2147483647;
			files = (
				6E6936642AE93E45006085E1 /* SVGScreen.swift in Sources */,
				6E69368E2AE93E45006085E1 /* SVGStructureParsers.swift in Sources */,
				6E6936A02AE93E45006085E1 /* CSSParser.swift in Sources */,
				6E6936C42AE93E45006085E1 /* SVGPolygon.swift in Sources */,
				6E6936DF2AE93E45006085E1 /* SVGFont.swift in Sources */,
				6E6936D92AE93E45006085E1 /* SVGLength.swift in Sources */,
				6E69366A2AE93E45006085E1 /* SVGParserExtensions.swift in Sources */,
				6E6936CA2AE93E45006085E1 /* SVGPath.swift in Sources */,
				6E6936CD2AE93E45006085E1 /* SVGPolyline.swift in Sources */,
				6E69364F2AE93E45006085E1 /* MBezierPath+Extension_macOS.swift in Sources */,
				6EAA2BB62AF0C24600368E8D /* JieQi.swift in Sources */,
				6E6936C72AE93E45006085E1 /* SVGLine.swift in Sources */,
				6E7DD5EB2AD5542F003E0C77 /* TermiWatchApp.swift in Sources */,
				6E69367F2AE93E45006085E1 /* SVGFontSizeAttribute.swift in Sources */,
				6E6936822AE93E45006085E1 /* SVGShapeParser.swift in Sources */,
				6E69369A2AE93E45006085E1 /* SVGParser.swift in Sources */,
				6E6936942AE93E45006085E1 /* SVGParserPrimitives.swift in Sources */,
				6E6936AF2AE93E45006085E1 /* SVGViewport.swift in Sources */,
				6E43A50F2ADD1E8500B90ED9 /* HealthObserver.swift in Sources */,
				6E6936BB2AE93E45006085E1 /* SVGImage.swift in Sources */,
				6E6936792AE93E45006085E1 /* SVGAttribute.swift in Sources */,
				6E6936BE2AE93E45006085E1 /* SVGURLImage.swift in Sources */,
				6E69365E2AE93E45006085E1 /* SVGLinker.swift in Sources */,
				6E6936552AE93E45006085E1 /* Serializable.swift in Sources */,
				6E6936A92AE93E45006085E1 /* SVGText.swift in Sources */,
				6E6936E82AE93E45006085E1 /* SVGGradient.swift in Sources */,
				6E69368B2AE93E45006085E1 /* SVGTextParser.swift in Sources */,
				6E6936AC2AE93E45006085E1 /* SVGNode.swift in Sources */,
				6E6936B22AE93E45006085E1 /* SVGShape.swift in Sources */,
				6E6936732AE93E45006085E1 /* SVGLengthParser.swift in Sources */,
				6E69366D2AE93E45006085E1 /* SVGContext.swift in Sources */,
				6E6936EB2AE93E45006085E1 /* SVGStroke.swift in Sources */,
				6E6936E22AE93E45006085E1 /* SVGPaint.swift in Sources */,
				6E6936522AE93E45006085E1 /* UIExtensions.swift in Sources */,
				6E69367C2AE93E45006085E1 /* SVGLengthAttribute.swift in Sources */,
				6E6936A62AE93E45006085E1 /* XMLNode.swift in Sources */,
				6E6936B82AE93E45006085E1 /* SVGUserSpaceNode.swift in Sources */,
				6E6936DC2AE93E45006085E1 /* SVGColor.swift in Sources */,
				6E6936912AE93E45006085E1 /* SVGParserBasics.swift in Sources */,
				6E69365B2AE93E45006085E1 /* Serializer.swift in Sources */,
				6E43A5122ADD1EAD00B90ED9 /* ContentView.swift in Sources */,
				6E6936852AE93E45006085E1 /* SVGImageParser.swift in Sources */,
				6E6936972AE93E45006085E1 /* SVGView.swift in Sources */,
				6E6936672AE93E45006085E1 /* SVGSettings.swift in Sources */,
				6E2CC4262AEBCB0B002E58D5 /* QConfiguration.swift in Sources */,
				6E6936702AE93E45006085E1 /* SVGPathReader.swift in Sources */,
				6E6936B52AE93E45006085E1 /* SVGGroup.swift in Sources */,
				6E6936762AE93E45006085E1 /* SVGConstants.swift in Sources */,
				6E6936D62AE93E45006085E1 /* SVGCircle.swift in Sources */,
				6E6936C12AE93E45006085E1 /* SVGDataImage.swift in Sources */,
				6E6936E52AE93E45006085E1 /* SVGPreserveAspectRatio.swift in Sources */,
				6E6936582AE93E45006085E1 /* Serializations.swift in Sources */,
				6E6936D32AE93E45006085E1 /* SVGEllipse.swift in Sources */,
				6E69369D2AE93E45006085E1 /* SVGIndex.swift in Sources */,
				6E43A50E2ADD1E8200B90ED9 /* WeatherUtils.swift in Sources */,
				6E6936882AE93E45006085E1 /* SVGElementParser.swift in Sources */,
				6E43A5102ADD1E8C00B90ED9 /* QTermiViewModel.swift in Sources */,
				6E6936D02AE93E45006085E1 /* SVGRect.swift in Sources */,
				6E6936F22AEA19F6006085E1 /* TWExtension.swift in Sources */,
				6E6936612AE93E45006085E1 /* SVGLogger.swift in Sources */,
				6E43A5112ADD1E8F00B90ED9 /* QCommonView.swift in Sources */,
				6E6936A32AE93E45006085E1 /* DOMParser.swift in Sources */,
			);
			runOnlyForDeploymentPostprocessing = 0;
		};
		6E7DD5FD2AD5546A003E0C77 /* Sources */ = {
			isa = PBXSourcesBuildPhase;
			buildActionMask = 2147483647;
			files = (
				6E6936652AE93E45006085E1 /* SVGScreen.swift in Sources */,
				6E69368F2AE93E45006085E1 /* SVGStructureParsers.swift in Sources */,
				6E6936A12AE93E45006085E1 /* CSSParser.swift in Sources */,
				6E6936C52AE93E45006085E1 /* SVGPolygon.swift in Sources */,
				6E6936E02AE93E45006085E1 /* SVGFont.swift in Sources */,
				6E6936DA2AE93E45006085E1 /* SVGLength.swift in Sources */,
				6E69366B2AE93E45006085E1 /* SVGParserExtensions.swift in Sources */,
				6E6936CB2AE93E45006085E1 /* SVGPath.swift in Sources */,
				6E6936CE2AE93E45006085E1 /* SVGPolyline.swift in Sources */,
				6E6936502AE93E45006085E1 /* MBezierPath+Extension_macOS.swift in Sources */,
				6EAA2BB72AF0E39F00368E8D /* JieQi.swift in Sources */,
				6E6936C82AE93E45006085E1 /* SVGLine.swift in Sources */,
				6E43A5002ADCE96F00B90ED9 /* QCommonView.swift in Sources */,
				6E6936802AE93E45006085E1 /* SVGFontSizeAttribute.swift in Sources */,
				6E6936832AE93E45006085E1 /* SVGShapeParser.swift in Sources */,
				6E69369B2AE93E45006085E1 /* SVGParser.swift in Sources */,
				6E6936952AE93E45006085E1 /* SVGParserPrimitives.swift in Sources */,
				6E6936B02AE93E45006085E1 /* SVGViewport.swift in Sources */,
				6E43A4FD2ADCCF8700B90ED9 /* HealthObserver.swift in Sources */,
				6E6936BC2AE93E45006085E1 /* SVGImage.swift in Sources */,
				6E69367A2AE93E45006085E1 /* SVGAttribute.swift in Sources */,
				6E6936BF2AE93E45006085E1 /* SVGURLImage.swift in Sources */,
				6E69365F2AE93E45006085E1 /* SVGLinker.swift in Sources */,
				6E6936562AE93E45006085E1 /* Serializable.swift in Sources */,
				6E6936AA2AE93E45006085E1 /* SVGText.swift in Sources */,
				6E6936E92AE93E45006085E1 /* SVGGradient.swift in Sources */,
				6E69368C2AE93E45006085E1 /* SVGTextParser.swift in Sources */,
				6E6936AD2AE93E45006085E1 /* SVGNode.swift in Sources */,
				6E6936B32AE93E45006085E1 /* SVGShape.swift in Sources */,
				6E6936742AE93E45006085E1 /* SVGLengthParser.swift in Sources */,
				6E69366E2AE93E45006085E1 /* SVGContext.swift in Sources */,
				6E6936EC2AE93E45006085E1 /* SVGStroke.swift in Sources */,
				6E6936E32AE93E45006085E1 /* SVGPaint.swift in Sources */,
				6E6936532AE93E45006085E1 /* UIExtensions.swift in Sources */,
				6E69367D2AE93E45006085E1 /* SVGLengthAttribute.swift in Sources */,
				6E6936A72AE93E45006085E1 /* XMLNode.swift in Sources */,
				6E6936B92AE93E45006085E1 /* SVGUserSpaceNode.swift in Sources */,
				6E6936DD2AE93E45006085E1 /* SVGColor.swift in Sources */,
				6E6936922AE93E45006085E1 /* SVGParserBasics.swift in Sources */,
				6E69365C2AE93E45006085E1 /* Serializer.swift in Sources */,
				6E43A5052ADCE9F900B90ED9 /* WeatherUtils.swift in Sources */,
				6E6936862AE93E45006085E1 /* SVGImageParser.swift in Sources */,
				6E6936982AE93E45006085E1 /* SVGView.swift in Sources */,
				6E6936682AE93E45006085E1 /* SVGSettings.swift in Sources */,
				6E2CC4272AEBCB13002E58D5 /* QConfiguration.swift in Sources */,
				6E6936712AE93E45006085E1 /* SVGPathReader.swift in Sources */,
				6E6936B62AE93E45006085E1 /* SVGGroup.swift in Sources */,
				6E6936772AE93E45006085E1 /* SVGConstants.swift in Sources */,
				6E6936D72AE93E45006085E1 /* SVGCircle.swift in Sources */,
				6E6936C22AE93E45006085E1 /* SVGDataImage.swift in Sources */,
				6E6936E62AE93E45006085E1 /* SVGPreserveAspectRatio.swift in Sources */,
				6E6936592AE93E45006085E1 /* Serializations.swift in Sources */,
				6E6936D42AE93E45006085E1 /* SVGEllipse.swift in Sources */,
				6E69369E2AE93E45006085E1 /* SVGIndex.swift in Sources */,
				6E7DD6092AD5546A003E0C77 /* ContentView.swift in Sources */,
				6E6936892AE93E45006085E1 /* SVGElementParser.swift in Sources */,
				6E43A5142ADD2EA400B90ED9 /* QTermiViewModel.swift in Sources */,
				6E6936D12AE93E45006085E1 /* SVGRect.swift in Sources */,
				6E6936F32AEA19F6006085E1 /* TWExtension.swift in Sources */,
				6E6936622AE93E45006085E1 /* SVGLogger.swift in Sources */,
				6E7DD6072AD5546A003E0C77 /* TermiWatchWidgetApp.swift in Sources */,
				6E6936A42AE93E45006085E1 /* DOMParser.swift in Sources */,
			);
			runOnlyForDeploymentPostprocessing = 0;
		};
		6E7DD6332AD5554C003E0C77 /* Sources */ = {
			isa = PBXSourcesBuildPhase;
			buildActionMask = 2147483647;
			files = (
				6E6936A22AE93E45006085E1 /* CSSParser.swift in Sources */,
				6E6936D52AE93E45006085E1 /* SVGEllipse.swift in Sources */,
				6E69366F2AE93E45006085E1 /* SVGContext.swift in Sources */,
				6E6936BD2AE93E45006085E1 /* SVGImage.swift in Sources */,
				6E6936AE2AE93E45006085E1 /* SVGNode.swift in Sources */,
				6E6936E42AE93E45006085E1 /* SVGPaint.swift in Sources */,
				6E6936902AE93E45006085E1 /* SVGStructureParsers.swift in Sources */,
				6E69365A2AE93E45006085E1 /* Serializations.swift in Sources */,
				6E69365D2AE93E45006085E1 /* Serializer.swift in Sources */,
				6E6936D82AE93E45006085E1 /* SVGCircle.swift in Sources */,
				6E6936DB2AE93E45006085E1 /* SVGLength.swift in Sources */,
				6E6936ED2AE93E45006085E1 /* SVGStroke.swift in Sources */,
				6E6936B42AE93E45006085E1 /* SVGShape.swift in Sources */,
				6E6936CF2AE93E45006085E1 /* SVGPolyline.swift in Sources */,
				6E6936662AE93E45006085E1 /* SVGScreen.swift in Sources */,
				6E69369C2AE93E45006085E1 /* SVGParser.swift in Sources */,
				6E6936C02AE93E45006085E1 /* SVGURLImage.swift in Sources */,
				6E6936572AE93E45006085E1 /* Serializable.swift in Sources */,
				6E6936E72AE93E45006085E1 /* SVGPreserveAspectRatio.swift in Sources */,
				6E43A5012ADCE97000B90ED9 /* QCommonView.swift in Sources */,
				6E6936512AE93E45006085E1 /* MBezierPath+Extension_macOS.swift in Sources */,
				6E6936692AE93E45006085E1 /* SVGSettings.swift in Sources */,
				6E69368A2AE93E45006085E1 /* SVGElementParser.swift in Sources */,
				6E69368D2AE93E45006085E1 /* SVGTextParser.swift in Sources */,
				6E69366C2AE93E45006085E1 /* SVGParserExtensions.swift in Sources */,
				6E6936C32AE93E45006085E1 /* SVGDataImage.swift in Sources */,
				6E6936A52AE93E45006085E1 /* DOMParser.swift in Sources */,
				6E69369F2AE93E45006085E1 /* SVGIndex.swift in Sources */,
				6EAA2BB82AF0E3A000368E8D /* JieQi.swift in Sources */,
				6E6936D22AE93E45006085E1 /* SVGRect.swift in Sources */,
				6E6936CC2AE93E45006085E1 /* SVGPath.swift in Sources */,
				6E6936602AE93E45006085E1 /* SVGLinker.swift in Sources */,
				6E6936962AE93E45006085E1 /* SVGParserPrimitives.swift in Sources */,
				6E6936872AE93E45006085E1 /* SVGImageParser.swift in Sources */,
				6E6936B72AE93E45006085E1 /* SVGGroup.swift in Sources */,
				6E6936632AE93E45006085E1 /* SVGLogger.swift in Sources */,
				6E6936842AE93E45006085E1 /* SVGShapeParser.swift in Sources */,
				6E6936C62AE93E45006085E1 /* SVGPolygon.swift in Sources */,
				6E7DD63C2AD5554C003E0C77 /* TermiWatchWidget.swift in Sources */,
				6E6936F42AEA19F6006085E1 /* TWExtension.swift in Sources */,
				6E69367B2AE93E45006085E1 /* SVGAttribute.swift in Sources */,
				6E6936DE2AE93E45006085E1 /* SVGColor.swift in Sources */,
				6E6936BA2AE93E45006085E1 /* SVGUserSpaceNode.swift in Sources */,
				6E69367E2AE93E45006085E1 /* SVGLengthAttribute.swift in Sources */,
				6E6936752AE93E45006085E1 /* SVGLengthParser.swift in Sources */,
				6E6936AB2AE93E45006085E1 /* SVGText.swift in Sources */,
				6E6936A82AE93E45006085E1 /* XMLNode.swift in Sources */,
				6E6936542AE93E45006085E1 /* UIExtensions.swift in Sources */,
				6E6936E12AE93E45006085E1 /* SVGFont.swift in Sources */,
				6E7DD6522AD64537003E0C77 /* HealthObserver.swift in Sources */,
				6E6936812AE93E45006085E1 /* SVGFontSizeAttribute.swift in Sources */,
				6E6936B12AE93E45006085E1 /* SVGViewport.swift in Sources */,
				6E6936722AE93E45006085E1 /* SVGPathReader.swift in Sources */,
				6E6936EA2AE93E45006085E1 /* SVGGradient.swift in Sources */,
				6E6936992AE93E45006085E1 /* SVGView.swift in Sources */,
				6E6936782AE93E45006085E1 /* SVGConstants.swift in Sources */,
				6E6936932AE93E45006085E1 /* SVGParserBasics.swift in Sources */,
				6E6936C92AE93E45006085E1 /* SVGLine.swift in Sources */,
				6E2CC4282AEBCB14002E58D5 /* QConfiguration.swift in Sources */,
				6E7DD64A2AD5604A003E0C77 /* WeatherUtils.swift in Sources */,
			);
			runOnlyForDeploymentPostprocessing = 0;
		};
/* End PBXSourcesBuildPhase section */

/* Begin PBXTargetDependency section */
		6E7DD6192AD554D6003E0C77 /* PBXTargetDependency */ = {
			isa = PBXTargetDependency;
			target = 6E7DD6002AD5546A003E0C77 /* TermiWatchWidget Watch App */;
			targetProxy = 6E7DD6182AD554D6003E0C77 /* PBXContainerItemProxy */;
		};
		6E7DD6432AD5554E003E0C77 /* PBXTargetDependency */ = {
			isa = PBXTargetDependency;
			target = 6E7DD6362AD5554C003E0C77 /* TermiWatchWidget Extension */;
			targetProxy = 6E7DD6422AD5554E003E0C77 /* PBXContainerItemProxy */;
		};
/* End PBXTargetDependency section */

/* Begin PBXVariantGroup section */
		6E7DD5F12AD55431003E0C77 /* LaunchScreen.storyboard */ = {
			isa = PBXVariantGroup;
			children = (
				6E7DD5F22AD55431003E0C77 /* Base */,
				6E7DD6552AD7D7FC003E0C77 /* zh-Hans */,
			);
			name = LaunchScreen.storyboard;
			sourceTree = "<group>";
		};
/* End PBXVariantGroup section */

/* Begin XCBuildConfiguration section */
		6E7DD5F52AD55431003E0C77 /* Debug */ = {
			isa = XCBuildConfiguration;
			buildSettings = {
				ALWAYS_SEARCH_USER_PATHS = NO;
				ASSETCATALOG_COMPILER_GENERATE_SWIFT_ASSET_SYMBOL_EXTENSIONS = YES;
				CLANG_ANALYZER_LOCALIZABILITY_NONLOCALIZED = YES;
				CLANG_ANALYZER_NONNULL = YES;
				CLANG_ANALYZER_NUMBER_OBJECT_CONVERSION = YES_AGGRESSIVE;
				CLANG_CXX_LANGUAGE_STANDARD = "gnu++20";
				CLANG_ENABLE_MODULES = YES;
				CLANG_ENABLE_OBJC_ARC = YES;
				CLANG_ENABLE_OBJC_WEAK = YES;
				CLANG_WARN_BLOCK_CAPTURE_AUTORELEASING = YES;
				CLANG_WARN_BOOL_CONVERSION = YES;
				CLANG_WARN_COMMA = YES;
				CLANG_WARN_CONSTANT_CONVERSION = YES;
				CLANG_WARN_DEPRECATED_OBJC_IMPLEMENTATIONS = YES;
				CLANG_WARN_DIRECT_OBJC_ISA_USAGE = YES_ERROR;
				CLANG_WARN_DOCUMENTATION_COMMENTS = YES;
				CLANG_WARN_EMPTY_BODY = YES;
				CLANG_WARN_ENUM_CONVERSION = YES;
				CLANG_WARN_INFINITE_RECURSION = YES;
				CLANG_WARN_INT_CONVERSION = YES;
				CLANG_WARN_NON_LITERAL_NULL_CONVERSION = YES;
				CLANG_WARN_OBJC_IMPLICIT_RETAIN_SELF = YES;
				CLANG_WARN_OBJC_LITERAL_CONVERSION = YES;
				CLANG_WARN_OBJC_ROOT_CLASS = YES_ERROR;
				CLANG_WARN_QUOTED_INCLUDE_IN_FRAMEWORK_HEADER = YES;
				CLANG_WARN_RANGE_LOOP_ANALYSIS = YES;
				CLANG_WARN_STRICT_PROTOTYPES = YES;
				CLANG_WARN_SUSPICIOUS_MOVE = YES;
				CLANG_WARN_UNGUARDED_AVAILABILITY = YES_AGGRESSIVE;
				CLANG_WARN_UNREACHABLE_CODE = YES;
				CLANG_WARN__DUPLICATE_METHOD_MATCH = YES;
				COPY_PHASE_STRIP = NO;
				DEBUG_INFORMATION_FORMAT = dwarf;
				ENABLE_STRICT_OBJC_MSGSEND = YES;
				ENABLE_TESTABILITY = YES;
				ENABLE_USER_SCRIPT_SANDBOXING = YES;
				GCC_C_LANGUAGE_STANDARD = gnu17;
				GCC_DYNAMIC_NO_PIC = NO;
				GCC_NO_COMMON_BLOCKS = YES;
				GCC_OPTIMIZATION_LEVEL = 0;
				GCC_PREPROCESSOR_DEFINITIONS = (
					"DEBUG=1",
					"$(inherited)",
				);
				GCC_WARN_64_TO_32_BIT_CONVERSION = YES;
				GCC_WARN_ABOUT_RETURN_TYPE = YES_ERROR;
				GCC_WARN_UNDECLARED_SELECTOR = YES;
				GCC_WARN_UNINITIALIZED_AUTOS = YES_AGGRESSIVE;
				GCC_WARN_UNUSED_FUNCTION = YES;
				GCC_WARN_UNUSED_VARIABLE = YES;
				IPHONEOS_DEPLOYMENT_TARGET = 17.0;
				LOCALIZATION_PREFERS_STRING_CATALOGS = YES;
				MTL_ENABLE_DEBUG_INFO = INCLUDE_SOURCE;
				MTL_FAST_MATH = YES;
				ONLY_ACTIVE_ARCH = YES;
				SDKROOT = iphoneos;
				SWIFT_ACTIVE_COMPILATION_CONDITIONS = "DEBUG $(inherited)";
				SWIFT_OPTIMIZATION_LEVEL = "-Onone";
			};
			name = Debug;
		};
		6E7DD5F62AD55431003E0C77 /* Release */ = {
			isa = XCBuildConfiguration;
			buildSettings = {
				ALWAYS_SEARCH_USER_PATHS = NO;
				ASSETCATALOG_COMPILER_GENERATE_SWIFT_ASSET_SYMBOL_EXTENSIONS = YES;
				CLANG_ANALYZER_LOCALIZABILITY_NONLOCALIZED = YES;
				CLANG_ANALYZER_NONNULL = YES;
				CLANG_ANALYZER_NUMBER_OBJECT_CONVERSION = YES_AGGRESSIVE;
				CLANG_CXX_LANGUAGE_STANDARD = "gnu++20";
				CLANG_ENABLE_MODULES = YES;
				CLANG_ENABLE_OBJC_ARC = YES;
				CLANG_ENABLE_OBJC_WEAK = YES;
				CLANG_WARN_BLOCK_CAPTURE_AUTORELEASING = YES;
				CLANG_WARN_BOOL_CONVERSION = YES;
				CLANG_WARN_COMMA = YES;
				CLANG_WARN_CONSTANT_CONVERSION = YES;
				CLANG_WARN_DEPRECATED_OBJC_IMPLEMENTATIONS = YES;
				CLANG_WARN_DIRECT_OBJC_ISA_USAGE = YES_ERROR;
				CLANG_WARN_DOCUMENTATION_COMMENTS = YES;
				CLANG_WARN_EMPTY_BODY = YES;
				CLANG_WARN_ENUM_CONVERSION = YES;
				CLANG_WARN_INFINITE_RECURSION = YES;
				CLANG_WARN_INT_CONVERSION = YES;
				CLANG_WARN_NON_LITERAL_NULL_CONVERSION = YES;
				CLANG_WARN_OBJC_IMPLICIT_RETAIN_SELF = YES;
				CLANG_WARN_OBJC_LITERAL_CONVERSION = YES;
				CLANG_WARN_OBJC_ROOT_CLASS = YES_ERROR;
				CLANG_WARN_QUOTED_INCLUDE_IN_FRAMEWORK_HEADER = YES;
				CLANG_WARN_RANGE_LOOP_ANALYSIS = YES;
				CLANG_WARN_STRICT_PROTOTYPES = YES;
				CLANG_WARN_SUSPICIOUS_MOVE = YES;
				CLANG_WARN_UNGUARDED_AVAILABILITY = YES_AGGRESSIVE;
				CLANG_WARN_UNREACHABLE_CODE = YES;
				CLANG_WARN__DUPLICATE_METHOD_MATCH = YES;
				COPY_PHASE_STRIP = NO;
				DEBUG_INFORMATION_FORMAT = "dwarf-with-dsym";
				ENABLE_NS_ASSERTIONS = NO;
				ENABLE_STRICT_OBJC_MSGSEND = YES;
				ENABLE_USER_SCRIPT_SANDBOXING = YES;
				GCC_C_LANGUAGE_STANDARD = gnu17;
				GCC_NO_COMMON_BLOCKS = YES;
				GCC_WARN_64_TO_32_BIT_CONVERSION = YES;
				GCC_WARN_ABOUT_RETURN_TYPE = YES_ERROR;
				GCC_WARN_UNDECLARED_SELECTOR = YES;
				GCC_WARN_UNINITIALIZED_AUTOS = YES_AGGRESSIVE;
				GCC_WARN_UNUSED_FUNCTION = YES;
				GCC_WARN_UNUSED_VARIABLE = YES;
				IPHONEOS_DEPLOYMENT_TARGET = 17.0;
				LOCALIZATION_PREFERS_STRING_CATALOGS = YES;
				MTL_ENABLE_DEBUG_INFO = NO;
				MTL_FAST_MATH = YES;
				SDKROOT = iphoneos;
				SWIFT_COMPILATION_MODE = wholemodule;
				VALIDATE_PRODUCT = YES;
			};
			name = Release;
		};
		6E7DD5F82AD55431003E0C77 /* Debug */ = {
			isa = XCBuildConfiguration;
			buildSettings = {
				ASSETCATALOG_COMPILER_APPICON_NAME = AppIcon;
				ASSETCATALOG_COMPILER_GLOBAL_ACCENT_COLOR_NAME = AccentColor;
				CODE_SIGN_ENTITLEMENTS = TermiWatchWidget/TermiWatchWidget.entitlements;
				CODE_SIGN_STYLE = Automatic;
				CURRENT_PROJECT_VERSION = 1;
				DEVELOPMENT_TEAM = "";
				GENERATE_INFOPLIST_FILE = YES;
				INFOPLIST_FILE = TermiWatchWidget/Info.plist;
				INFOPLIST_KEY_CFBundleDisplayName = "⌚️TermiWidget";
				INFOPLIST_KEY_NSHealthShareUsageDescription = "Your health records will be used to display activity data.";
				INFOPLIST_KEY_NSLocationWhenInUseUsageDescription = "Your location data will be used to display weather data. ";
				INFOPLIST_KEY_UIApplicationSupportsIndirectInputEvents = YES;
				INFOPLIST_KEY_UILaunchStoryboardName = LaunchScreen;
				INFOPLIST_KEY_UIMainStoryboardFile = Main;
				INFOPLIST_KEY_UISupportedInterfaceOrientations_iPad = "UIInterfaceOrientationPortrait UIInterfaceOrientationPortraitUpsideDown UIInterfaceOrientationLandscapeLeft UIInterfaceOrientationLandscapeRight";
				INFOPLIST_KEY_UISupportedInterfaceOrientations_iPhone = "UIInterfaceOrientationPortrait UIInterfaceOrientationLandscapeLeft UIInterfaceOrientationLandscapeRight";
				IPHONEOS_DEPLOYMENT_TARGET = 17.0;
				LD_RUNPATH_SEARCH_PATHS = (
					"$(inherited)",
					"@executable_path/Frameworks",
				);
				MARKETING_VERSION = 1.0;
				PRODUCT_BUNDLE_IDENTIFIER = com.void.TermiWatch;
				PRODUCT_NAME = "$(TARGET_NAME)";
				SUPPORTED_PLATFORMS = "iphoneos iphonesimulator";
				SUPPORTS_MACCATALYST = NO;
				SUPPORTS_MAC_DESIGNED_FOR_IPHONE_IPAD = NO;
				SWIFT_EMIT_LOC_STRINGS = YES;
				SWIFT_VERSION = 5.0;
				TARGETED_DEVICE_FAMILY = 1;
			};
			name = Debug;
		};
		6E7DD5F92AD55431003E0C77 /* Release */ = {
			isa = XCBuildConfiguration;
			buildSettings = {
				ASSETCATALOG_COMPILER_APPICON_NAME = AppIcon;
				ASSETCATALOG_COMPILER_GLOBAL_ACCENT_COLOR_NAME = AccentColor;
				CODE_SIGN_ENTITLEMENTS = TermiWatchWidget/TermiWatchWidget.entitlements;
				CODE_SIGN_STYLE = Automatic;
				CURRENT_PROJECT_VERSION = 1;
				DEVELOPMENT_TEAM = "";
				GENERATE_INFOPLIST_FILE = YES;
				INFOPLIST_FILE = TermiWatchWidget/Info.plist;
				INFOPLIST_KEY_CFBundleDisplayName = "⌚️TermiWidget";
				INFOPLIST_KEY_NSHealthShareUsageDescription = "Your health records will be used to display activity data.";
				INFOPLIST_KEY_NSLocationWhenInUseUsageDescription = "Your location data will be used to display weather data. ";
				INFOPLIST_KEY_UIApplicationSupportsIndirectInputEvents = YES;
				INFOPLIST_KEY_UILaunchStoryboardName = LaunchScreen;
				INFOPLIST_KEY_UIMainStoryboardFile = Main;
				INFOPLIST_KEY_UISupportedInterfaceOrientations_iPad = "UIInterfaceOrientationPortrait UIInterfaceOrientationPortraitUpsideDown UIInterfaceOrientationLandscapeLeft UIInterfaceOrientationLandscapeRight";
				INFOPLIST_KEY_UISupportedInterfaceOrientations_iPhone = "UIInterfaceOrientationPortrait UIInterfaceOrientationLandscapeLeft UIInterfaceOrientationLandscapeRight";
				IPHONEOS_DEPLOYMENT_TARGET = 17.0;
				LD_RUNPATH_SEARCH_PATHS = (
					"$(inherited)",
					"@executable_path/Frameworks",
				);
				MARKETING_VERSION = 1.0;
				PRODUCT_BUNDLE_IDENTIFIER = com.void.TermiWatch;
				PRODUCT_NAME = "$(TARGET_NAME)";
				SUPPORTED_PLATFORMS = "iphoneos iphonesimulator";
				SUPPORTS_MACCATALYST = NO;
				SUPPORTS_MAC_DESIGNED_FOR_IPHONE_IPAD = NO;
				SWIFT_EMIT_LOC_STRINGS = YES;
				SWIFT_VERSION = 5.0;
				TARGETED_DEVICE_FAMILY = 1;
			};
			name = Release;
		};
		6E7DD6102AD5546C003E0C77 /* Debug */ = {
			isa = XCBuildConfiguration;
			buildSettings = {
				ALWAYS_EMBED_SWIFT_STANDARD_LIBRARIES = YES;
				ASSETCATALOG_COMPILER_APPICON_NAME = AppIcon;
				ASSETCATALOG_COMPILER_GLOBAL_ACCENT_COLOR_NAME = AccentColor;
				CODE_SIGN_ENTITLEMENTS = "TermiWatchWidget Watch App/TermiWatchWidget Watch App.entitlements";
				CODE_SIGN_STYLE = Automatic;
				CURRENT_PROJECT_VERSION = 1;
				DEVELOPMENT_ASSET_PATHS = "\"TermiWatchWidget Watch App/Preview Content\"";
				DEVELOPMENT_TEAM = "";
				ENABLE_PREVIEWS = YES;
				GENERATE_INFOPLIST_FILE = YES;
				INFOPLIST_FILE = "TermiWatchWidget-Watch-App-Info.plist";
				INFOPLIST_KEY_CFBundleDisplayName = "⌚️TermiWidget";
				INFOPLIST_KEY_NSHealthClinicalHealthRecordsShareUsageDescription = "Read active energy, resting energy, and dietary energy";
				INFOPLIST_KEY_NSHealthShareUsageDescription = "Read active energy, resting energy, and dietary energy";
				INFOPLIST_KEY_NSLocationWhenInUseUsageDescription = "Your location data will be used to display weather data. ";
				INFOPLIST_KEY_UISupportedInterfaceOrientations = "UIInterfaceOrientationPortrait UIInterfaceOrientationPortraitUpsideDown";
				INFOPLIST_KEY_WKCompanionAppBundleIdentifier = com.void.TermiWatch;
				INFOPLIST_KEY_WKRunsIndependentlyOfCompanionApp = YES;
				LD_RUNPATH_SEARCH_PATHS = (
					"$(inherited)",
					"@executable_path/Frameworks",
				);
				MARKETING_VERSION = 1.0;
				PRODUCT_BUNDLE_IDENTIFIER = com.void.TermiWatch.watchkitapp;
				PRODUCT_NAME = "$(TARGET_NAME)";
				SDKROOT = watchos;
				SKIP_INSTALL = YES;
				SWIFT_EMIT_LOC_STRINGS = YES;
				SWIFT_VERSION = 5.0;
				TARGETED_DEVICE_FAMILY = 4;
				WATCHOS_DEPLOYMENT_TARGET = 10.0;
			};
			name = Debug;
		};
		6E7DD6112AD5546C003E0C77 /* Release */ = {
			isa = XCBuildConfiguration;
			buildSettings = {
				ALWAYS_EMBED_SWIFT_STANDARD_LIBRARIES = YES;
				ASSETCATALOG_COMPILER_APPICON_NAME = AppIcon;
				ASSETCATALOG_COMPILER_GLOBAL_ACCENT_COLOR_NAME = AccentColor;
				CODE_SIGN_ENTITLEMENTS = "TermiWatchWidget Watch App/TermiWatchWidget Watch App.entitlements";
				CODE_SIGN_STYLE = Automatic;
				CURRENT_PROJECT_VERSION = 1;
				DEVELOPMENT_ASSET_PATHS = "\"TermiWatchWidget Watch App/Preview Content\"";
				DEVELOPMENT_TEAM = "";
				ENABLE_PREVIEWS = YES;
				GENERATE_INFOPLIST_FILE = YES;
				INFOPLIST_FILE = "TermiWatchWidget-Watch-App-Info.plist";
				INFOPLIST_KEY_CFBundleDisplayName = "⌚️TermiWidget";
				INFOPLIST_KEY_NSHealthClinicalHealthRecordsShareUsageDescription = "Read active energy, resting energy, and dietary energy";
				INFOPLIST_KEY_NSHealthShareUsageDescription = "Read active energy, resting energy, and dietary energy";
				INFOPLIST_KEY_NSLocationWhenInUseUsageDescription = "Your location data will be used to display weather data. ";
				INFOPLIST_KEY_UISupportedInterfaceOrientations = "UIInterfaceOrientationPortrait UIInterfaceOrientationPortraitUpsideDown";
				INFOPLIST_KEY_WKCompanionAppBundleIdentifier = com.void.TermiWatch;
				INFOPLIST_KEY_WKRunsIndependentlyOfCompanionApp = YES;
				LD_RUNPATH_SEARCH_PATHS = (
					"$(inherited)",
					"@executable_path/Frameworks",
				);
				MARKETING_VERSION = 1.0;
				PRODUCT_BUNDLE_IDENTIFIER = com.void.TermiWatch.watchkitapp;
				PRODUCT_NAME = "$(TARGET_NAME)";
				SDKROOT = watchos;
				SKIP_INSTALL = YES;
				SWIFT_EMIT_LOC_STRINGS = YES;
				SWIFT_VERSION = 5.0;
				TARGETED_DEVICE_FAMILY = 4;
				WATCHOS_DEPLOYMENT_TARGET = 10.0;
			};
			name = Release;
		};
		6E7DD6462AD5554E003E0C77 /* Debug */ = {
			isa = XCBuildConfiguration;
			buildSettings = {
				ASSETCATALOG_COMPILER_GLOBAL_ACCENT_COLOR_NAME = AccentColor;
				ASSETCATALOG_COMPILER_WIDGET_BACKGROUND_COLOR_NAME = WidgetBackground;
				CODE_SIGN_ENTITLEMENTS = TermiWatchWidgetExtension.entitlements;
				CODE_SIGN_STYLE = Automatic;
				CURRENT_PROJECT_VERSION = 1;
				DEVELOPMENT_TEAM = "";
				GENERATE_INFOPLIST_FILE = YES;
				INFOPLIST_FILE = TermiWatchWidget_Widget/Info.plist;
				INFOPLIST_KEY_CFBundleDisplayName = TermiWatchWidgetExtension;
				INFOPLIST_KEY_NSHealthClinicalHealthRecordsShareUsageDescription = "Read active energy, resting energy, and dietary energy";
				INFOPLIST_KEY_NSHealthShareUsageDescription = "Read active energy, resting energy, and dietary energy";
				INFOPLIST_KEY_NSHumanReadableCopyright = "";
				INFOPLIST_KEY_NSLocationWhenInUseUsageDescription = "Your location data will be used to display weather data. ";
				LD_RUNPATH_SEARCH_PATHS = (
					"$(inherited)",
					"@executable_path/Frameworks",
					"@executable_path/../../Frameworks",
					"@executable_path/../../../../Frameworks",
				);
				MARKETING_VERSION = 1.0;
				PRODUCT_BUNDLE_IDENTIFIER = com.void.TermiWatch.watchkitapp.widget;
				PRODUCT_NAME = "$(TARGET_NAME)";
				SDKROOT = watchos;
				SKIP_INSTALL = YES;
				SWIFT_EMIT_LOC_STRINGS = YES;
				SWIFT_VERSION = 5.0;
				TARGETED_DEVICE_FAMILY = 4;
				WATCHOS_DEPLOYMENT_TARGET = 10.0;
			};
			name = Debug;
		};
		6E7DD6472AD5554E003E0C77 /* Release */ = {
			isa = XCBuildConfiguration;
			buildSettings = {
				ASSETCATALOG_COMPILER_GLOBAL_ACCENT_COLOR_NAME = AccentColor;
				ASSETCATALOG_COMPILER_WIDGET_BACKGROUND_COLOR_NAME = WidgetBackground;
				CODE_SIGN_ENTITLEMENTS = TermiWatchWidgetExtension.entitlements;
				CODE_SIGN_STYLE = Automatic;
				CURRENT_PROJECT_VERSION = 1;
				DEVELOPMENT_TEAM = "";
				GENERATE_INFOPLIST_FILE = YES;
				INFOPLIST_FILE = TermiWatchWidget_Widget/Info.plist;
				INFOPLIST_KEY_CFBundleDisplayName = TermiWatchWidgetExtension;
				INFOPLIST_KEY_NSHealthClinicalHealthRecordsShareUsageDescription = "Read active energy, resting energy, and dietary energy";
				INFOPLIST_KEY_NSHealthShareUsageDescription = "Read active energy, resting energy, and dietary energy";
				INFOPLIST_KEY_NSHumanReadableCopyright = "";
				INFOPLIST_KEY_NSLocationWhenInUseUsageDescription = "Your location data will be used to display weather data. ";
				LD_RUNPATH_SEARCH_PATHS = (
					"$(inherited)",
					"@executable_path/Frameworks",
					"@executable_path/../../Frameworks",
					"@executable_path/../../../../Frameworks",
				);
				MARKETING_VERSION = 1.0;
				PRODUCT_BUNDLE_IDENTIFIER = com.void.TermiWatch.watchkitapp.widget;
				PRODUCT_NAME = "$(TARGET_NAME)";
				SDKROOT = watchos;
				SKIP_INSTALL = YES;
				SWIFT_EMIT_LOC_STRINGS = YES;
				SWIFT_VERSION = 5.0;
				TARGETED_DEVICE_FAMILY = 4;
				WATCHOS_DEPLOYMENT_TARGET = 10.0;
			};
			name = Release;
		};
/* End XCBuildConfiguration section */

/* Begin XCConfigurationList section */
		6E7DD5DE2AD5542F003E0C77 /* Build configuration list for PBXProject "TermiWatchWidget" */ = {
			isa = XCConfigurationList;
			buildConfigurations = (
				6E7DD5F52AD55431003E0C77 /* Debug */,
				6E7DD5F62AD55431003E0C77 /* Release */,
			);
			defaultConfigurationIsVisible = 0;
			defaultConfigurationName = Release;
		};
		6E7DD5F72AD55431003E0C77 /* Build configuration list for PBXNativeTarget "TermiWatchWidget" */ = {
			isa = XCConfigurationList;
			buildConfigurations = (
				6E7DD5F82AD55431003E0C77 /* Debug */,
				6E7DD5F92AD55431003E0C77 /* Release */,
			);
			defaultConfigurationIsVisible = 0;
			defaultConfigurationName = Release;
		};
		6E7DD60F2AD5546C003E0C77 /* Build configuration list for PBXNativeTarget "TermiWatchWidget Watch App" */ = {
			isa = XCConfigurationList;
			buildConfigurations = (
				6E7DD6102AD5546C003E0C77 /* Debug */,
				6E7DD6112AD5546C003E0C77 /* Release */,
			);
			defaultConfigurationIsVisible = 0;
			defaultConfigurationName = Release;
		};
		6E7DD6452AD5554E003E0C77 /* Build configuration list for PBXNativeTarget "TermiWatchWidget Extension" */ = {
			isa = XCConfigurationList;
			buildConfigurations = (
				6E7DD6462AD5554E003E0C77 /* Debug */,
				6E7DD6472AD5554E003E0C77 /* Release */,
			);
			defaultConfigurationIsVisible = 0;
			defaultConfigurationName = Release;
		};
/* End XCConfigurationList section */
	};
	rootObject = 6E7DD5DB2AD5542F003E0C77 /* Project object */;
}
