// !$*UTF8*$!
{
	archiveVersion = 1;
	classes = {
	};
	objectVersion = 56;
	objects = {

/* Begin PBXBuildFile section */
		6E7DD5E72AD5542F003E0C77 /* AppDelegate.swift in Sources */ = {isa = PBXBuildFile; fileRef = 6E7DD5E62AD5542F003E0C77 /* AppDelegate.swift */; };
		6E7DD5E92AD5542F003E0C77 /* SceneDelegate.swift in Sources */ = {isa = PBXBuildFile; fileRef = 6E7DD5E82AD5542F003E0C77 /* SceneDelegate.swift */; };
		6E7DD5EB2AD5542F003E0C77 /* ViewController.swift in Sources */ = {isa = PBXBuildFile; fileRef = 6E7DD5EA2AD5542F003E0C77 /* ViewController.swift */; };
		6E7DD5EE2AD5542F003E0C77 /* Main.storyboard in Resources */ = {isa = PBXBuildFile; fileRef = 6E7DD5EC2AD5542F003E0C77 /* Main.storyboard */; };
		6E7DD5F02AD55431003E0C77 /* Assets.xcassets in Resources */ = {isa = PBXBuildFile; fileRef = 6E7DD5EF2AD55431003E0C77 /* Assets.xcassets */; };
		6E7DD5F32AD55431003E0C77 /* LaunchScreen.storyboard in Resources */ = {isa = PBXBuildFile; fileRef = 6E7DD5F12AD55431003E0C77 /* LaunchScreen.storyboard */; };
		6E7DD6072AD5546A003E0C77 /* TermiWatchWidgetApp.swift in Sources */ = {isa = PBXBuildFile; fileRef = 6E7DD6062AD5546A003E0C77 /* TermiWatchWidgetApp.swift */; };
		6E7DD6092AD5546A003E0C77 /* ContentView.swift in Sources */ = {isa = PBXBuildFile; fileRef = 6E7DD6082AD5546A003E0C77 /* ContentView.swift */; };
		6E7DD60B2AD5546C003E0C77 /* Assets.xcassets in Resources */ = {isa = PBXBuildFile; fileRef = 6E7DD60A2AD5546C003E0C77 /* Assets.xcassets */; };
		6E7DD60E2AD5546C003E0C77 /* Preview Assets.xcassets in Resources */ = {isa = PBXBuildFile; fileRef = 6E7DD60D2AD5546C003E0C77 /* Preview Assets.xcassets */; };
		6E7DD6172AD554D6003E0C77 /* TermiWatchWidget Watch App.app in Embed Watch Content */ = {isa = PBXBuildFile; fileRef = 6E7DD6012AD5546A003E0C77 /* TermiWatchWidget Watch App.app */; settings = {ATTRIBUTES = (RemoveHeadersOnCopy, ); }; };
		6E7DD6382AD5554C003E0C77 /* WidgetKit.framework in Frameworks */ = {isa = PBXBuildFile; fileRef = 6E7DD6202AD554FA003E0C77 /* WidgetKit.framework */; };
		6E7DD6392AD5554C003E0C77 /* SwiftUI.framework in Frameworks */ = {isa = PBXBuildFile; fileRef = 6E7DD6222AD554FA003E0C77 /* SwiftUI.framework */; };
		6E7DD63C2AD5554C003E0C77 /* TermiWatchWidget.swift in Sources */ = {isa = PBXBuildFile; fileRef = 6E7DD63B2AD5554C003E0C77 /* TermiWatchWidget.swift */; };
		6E7DD6402AD5554E003E0C77 /* Assets.xcassets in Resources */ = {isa = PBXBuildFile; fileRef = 6E7DD63F2AD5554E003E0C77 /* Assets.xcassets */; };
		6E7DD6442AD5554E003E0C77 /* TermiWatchWidget Extension.appex in Embed Foundation Extensions */ = {isa = PBXBuildFile; fileRef = 6E7DD6372AD5554C003E0C77 /* TermiWatchWidget Extension.appex */; settings = {ATTRIBUTES = (RemoveHeadersOnCopy, ); }; };
		6E7DD64A2AD5604A003E0C77 /* WeatherUtils.swift in Sources */ = {isa = PBXBuildFile; fileRef = 6E7DD6492AD5604A003E0C77 /* WeatherUtils.swift */; };
		6E7DD64C2AD56891003E0C77 /* Settings.bundle in Resources */ = {isa = PBXBuildFile; fileRef = 6E7DD64B2AD56891003E0C77 /* Settings.bundle */; };
		6E7DD6522AD64537003E0C77 /* HealthObserver.swift in Sources */ = {isa = PBXBuildFile; fileRef = 6E7DD6512AD64537003E0C77 /* HealthObserver.swift */; };
/* End PBXBuildFile section */

/* Begin PBXContainerItemProxy section */
		6E7DD6182AD554D6003E0C77 /* PBXContainerItemProxy */ = {
			isa = PBXContainerItemProxy;
			containerPortal = 6E7DD5DB2AD5542F003E0C77 /* Project object */;
			proxyType = 1;
			remoteGlobalIDString = 6E7DD6002AD5546A003E0C77;
			remoteInfo = "WatchKitApp Watch App";
		};
		6E7DD6422AD5554E003E0C77 /* PBXContainerItemProxy */ = {
			isa = PBXContainerItemProxy;
			containerPortal = 6E7DD5DB2AD5542F003E0C77 /* Project object */;
			proxyType = 1;
			remoteGlobalIDString = 6E7DD6362AD5554C003E0C77;
			remoteInfo = MyWatchWidgetExtension;
		};
/* End PBXContainerItemProxy section */

/* Begin PBXCopyFilesBuildPhase section */
		6E7DD61A2AD554D6003E0C77 /* Embed Watch Content */ = {
			isa = PBXCopyFilesBuildPhase;
			buildActionMask = 2147483647;
			dstPath = "$(CONTENTS_FOLDER_PATH)/Watch";
			dstSubfolderSpec = 16;
			files = (
				6E7DD6172AD554D6003E0C77 /* TermiWatchWidget Watch App.app in Embed Watch Content */,
			);
			name = "Embed Watch Content";
			runOnlyForDeploymentPostprocessing = 0;
		};
		6E7DD6322AD554FC003E0C77 /* Embed Foundation Extensions */ = {
			isa = PBXCopyFilesBuildPhase;
			buildActionMask = 2147483647;
			dstPath = "";
			dstSubfolderSpec = 13;
			files = (
				6E7DD6442AD5554E003E0C77 /* TermiWatchWidget Extension.appex in Embed Foundation Extensions */,
			);
			name = "Embed Foundation Extensions";
			runOnlyForDeploymentPostprocessing = 0;
		};
/* End PBXCopyFilesBuildPhase section */

/* Begin PBXFileReference section */
		6E7DD5E32AD5542F003E0C77 /* TermiWatchWidget.app */ = {isa = PBXFileReference; explicitFileType = wrapper.application; includeInIndex = 0; path = TermiWatchWidget.app; sourceTree = BUILT_PRODUCTS_DIR; };
		6E7DD5E62AD5542F003E0C77 /* AppDelegate.swift */ = {isa = PBXFileReference; lastKnownFileType = sourcecode.swift; path = AppDelegate.swift; sourceTree = "<group>"; };
		6E7DD5E82AD5542F003E0C77 /* SceneDelegate.swift */ = {isa = PBXFileReference; lastKnownFileType = sourcecode.swift; path = SceneDelegate.swift; sourceTree = "<group>"; };
		6E7DD5EA2AD5542F003E0C77 /* ViewController.swift */ = {isa = PBXFileReference; lastKnownFileType = sourcecode.swift; path = ViewController.swift; sourceTree = "<group>"; };
		6E7DD5ED2AD5542F003E0C77 /* Base */ = {isa = PBXFileReference; lastKnownFileType = file.storyboard; name = Base; path = Base.lproj/Main.storyboard; sourceTree = "<group>"; };
		6E7DD5EF2AD55431003E0C77 /* Assets.xcassets */ = {isa = PBXFileReference; lastKnownFileType = folder.assetcatalog; path = Assets.xcassets; sourceTree = "<group>"; };
		6E7DD5F22AD55431003E0C77 /* Base */ = {isa = PBXFileReference; lastKnownFileType = file.storyboard; name = Base; path = Base.lproj/LaunchScreen.storyboard; sourceTree = "<group>"; };
		6E7DD5F42AD55431003E0C77 /* Info.plist */ = {isa = PBXFileReference; lastKnownFileType = text.plist.xml; path = Info.plist; sourceTree = "<group>"; };
		6E7DD6012AD5546A003E0C77 /* TermiWatchWidget Watch App.app */ = {isa = PBXFileReference; explicitFileType = wrapper.application; includeInIndex = 0; path = "TermiWatchWidget Watch App.app"; sourceTree = BUILT_PRODUCTS_DIR; };
		6E7DD6062AD5546A003E0C77 /* TermiWatchWidgetApp.swift */ = {isa = PBXFileReference; lastKnownFileType = sourcecode.swift; path = TermiWatchWidgetApp.swift; sourceTree = "<group>"; };
		6E7DD6082AD5546A003E0C77 /* ContentView.swift */ = {isa = PBXFileReference; lastKnownFileType = sourcecode.swift; path = ContentView.swift; sourceTree = "<group>"; };
		6E7DD60A2AD5546C003E0C77 /* Assets.xcassets */ = {isa = PBXFileReference; lastKnownFileType = folder.assetcatalog; path = Assets.xcassets; sourceTree = "<group>"; };
		6E7DD60D2AD5546C003E0C77 /* Preview Assets.xcassets */ = {isa = PBXFileReference; lastKnownFileType = folder.assetcatalog; path = "Preview Assets.xcassets"; sourceTree = "<group>"; };
		6E7DD6202AD554FA003E0C77 /* WidgetKit.framework */ = {isa = PBXFileReference; lastKnownFileType = wrapper.framework; name = WidgetKit.framework; path = System/Library/Frameworks/WidgetKit.framework; sourceTree = SDKROOT; };
		6E7DD6222AD554FA003E0C77 /* SwiftUI.framework */ = {isa = PBXFileReference; lastKnownFileType = wrapper.framework; name = SwiftUI.framework; path = System/Library/Frameworks/SwiftUI.framework; sourceTree = SDKROOT; };
		6E7DD6372AD5554C003E0C77 /* TermiWatchWidget Extension.appex */ = {isa = PBXFileReference; explicitFileType = "wrapper.app-extension"; includeInIndex = 0; path = "TermiWatchWidget Extension.appex"; sourceTree = BUILT_PRODUCTS_DIR; };
		6E7DD63B2AD5554C003E0C77 /* TermiWatchWidget.swift */ = {isa = PBXFileReference; lastKnownFileType = sourcecode.swift; path = TermiWatchWidget.swift; sourceTree = "<group>"; };
		6E7DD63F2AD5554E003E0C77 /* Assets.xcassets */ = {isa = PBXFileReference; lastKnownFileType = folder.assetcatalog; path = Assets.xcassets; sourceTree = "<group>"; };
		6E7DD6412AD5554E003E0C77 /* Info.plist */ = {isa = PBXFileReference; lastKnownFileType = text.plist.xml; path = Info.plist; sourceTree = "<group>"; };
		6E7DD6492AD5604A003E0C77 /* WeatherUtils.swift */ = {isa = PBXFileReference; fileEncoding = 4; lastKnownFileType = sourcecode.swift; path = WeatherUtils.swift; sourceTree = "<group>"; };
		6E7DD64B2AD56891003E0C77 /* Settings.bundle */ = {isa = PBXFileReference; lastKnownFileType = "wrapper.plug-in"; path = Settings.bundle; sourceTree = "<group>"; };
		6E7DD6512AD64537003E0C77 /* HealthObserver.swift */ = {isa = PBXFileReference; lastKnownFileType = sourcecode.swift; path = HealthObserver.swift; sourceTree = "<group>"; };
		6E7DD6542AD7D7FC003E0C77 /* zh-Hans */ = {isa = PBXFileReference; lastKnownFileType = text.plist.strings; name = "zh-Hans"; path = "zh-Hans.lproj/Main.strings"; sourceTree = "<group>"; };
		6E7DD6552AD7D7FC003E0C77 /* zh-Hans */ = {isa = PBXFileReference; lastKnownFileType = text.plist.strings; name = "zh-Hans"; path = "zh-Hans.lproj/LaunchScreen.strings"; sourceTree = "<group>"; };
		6E7DD6582AD95212003E0C77 /* TermiWatchWidget Watch App.entitlements */ = {isa = PBXFileReference; lastKnownFileType = text.plist.entitlements; path = "TermiWatchWidget Watch App.entitlements"; sourceTree = "<group>"; };
		6E7DD6592AD952B6003E0C77 /* TermiWatchWidgetExtension.entitlements */ = {isa = PBXFileReference; lastKnownFileType = text.plist.entitlements; path = TermiWatchWidgetExtension.entitlements; sourceTree = "<group>"; };
/* End PBXFileReference section */

/* Begin PBXFrameworksBuildPhase section */
		6E7DD5E02AD5542F003E0C77 /* Frameworks */ = {
			isa = PBXFrameworksBuildPhase;
			buildActionMask = 2147483647;
			files = (
			);
			runOnlyForDeploymentPostprocessing = 0;
		};
		6E7DD5FE2AD5546A003E0C77 /* Frameworks */ = {
			isa = PBXFrameworksBuildPhase;
			buildActionMask = 2147483647;
			files = (
			);
			runOnlyForDeploymentPostprocessing = 0;
		};
		6E7DD6342AD5554C003E0C77 /* Frameworks */ = {
			isa = PBXFrameworksBuildPhase;
			buildActionMask = 2147483647;
			files = (
				6E7DD6392AD5554C003E0C77 /* SwiftUI.framework in Frameworks */,
				6E7DD6382AD5554C003E0C77 /* WidgetKit.framework in Frameworks */,
			);
			runOnlyForDeploymentPostprocessing = 0;
		};
/* End PBXFrameworksBuildPhase section */

/* Begin PBXGroup section */
		6E7DD5DA2AD5542F003E0C77 = {
			isa = PBXGroup;
			children = (
				6E7DD6592AD952B6003E0C77 /* TermiWatchWidgetExtension.entitlements */,
				6E7DD5E52AD5542F003E0C77 /* TermiWatchWidget */,
				6E7DD6052AD5546A003E0C77 /* TermiWatchWidget Watch App */,
				6E7DD63A2AD5554C003E0C77 /* TermiWatchWidget_Widget */,
				6E7DD5E42AD5542F003E0C77 /* Products */,
				6E7DD6162AD554D6003E0C77 /* Frameworks */,
			);
			sourceTree = "<group>";
		};
		6E7DD5E42AD5542F003E0C77 /* Products */ = {
			isa = PBXGroup;
			children = (
				6E7DD5E32AD5542F003E0C77 /* TermiWatchWidget.app */,
				6E7DD6012AD5546A003E0C77 /* TermiWatchWidget Watch App.app */,
				6E7DD6372AD5554C003E0C77 /* TermiWatchWidget Extension.appex */,
			);
			name = Products;
			sourceTree = "<group>";
		};
		6E7DD5E52AD5542F003E0C77 /* TermiWatchWidget */ = {
			isa = PBXGroup;
			children = (
				6E7DD5E62AD5542F003E0C77 /* AppDelegate.swift */,
				6E7DD5E82AD5542F003E0C77 /* SceneDelegate.swift */,
				6E7DD5EA2AD5542F003E0C77 /* ViewController.swift */,
				6E7DD5EC2AD5542F003E0C77 /* Main.storyboard */,
				6E7DD5EF2AD55431003E0C77 /* Assets.xcassets */,
				6E7DD5F12AD55431003E0C77 /* LaunchScreen.storyboard */,
				6E7DD5F42AD55431003E0C77 /* Info.plist */,
				6E7DD64B2AD56891003E0C77 /* Settings.bundle */,
			);
			path = TermiWatchWidget;
			sourceTree = "<group>";
		};
		6E7DD6052AD5546A003E0C77 /* TermiWatchWidget Watch App */ = {
			isa = PBXGroup;
			children = (
				6E7DD6582AD95212003E0C77 /* TermiWatchWidget Watch App.entitlements */,
				6E7DD6062AD5546A003E0C77 /* TermiWatchWidgetApp.swift */,
				6E7DD6082AD5546A003E0C77 /* ContentView.swift */,
				6E7DD60A2AD5546C003E0C77 /* Assets.xcassets */,
				6E7DD60C2AD5546C003E0C77 /* Preview Content */,
			);
			path = "TermiWatchWidget Watch App";
			sourceTree = "<group>";
		};
		6E7DD60C2AD5546C003E0C77 /* Preview Content */ = {
			isa = PBXGroup;
			children = (
				6E7DD60D2AD5546C003E0C77 /* Preview Assets.xcassets */,
			);
			path = "Preview Content";
			sourceTree = "<group>";
		};
		6E7DD6162AD554D6003E0C77 /* Frameworks */ = {
			isa = PBXGroup;
			children = (
				6E7DD6202AD554FA003E0C77 /* WidgetKit.framework */,
				6E7DD6222AD554FA003E0C77 /* SwiftUI.framework */,
			);
			name = Frameworks;
			sourceTree = "<group>";
		};
		6E7DD63A2AD5554C003E0C77 /* TermiWatchWidget_Widget */ = {
			isa = PBXGroup;
			children = (
				6E7DD63B2AD5554C003E0C77 /* TermiWatchWidget.swift */,
				6E7DD6492AD5604A003E0C77 /* WeatherUtils.swift */,
				6E7DD6512AD64537003E0C77 /* HealthObserver.swift */,
				6E7DD63F2AD5554E003E0C77 /* Assets.xcassets */,
				6E7DD6412AD5554E003E0C77 /* Info.plist */,
			);
			path = TermiWatchWidget_Widget;
			sourceTree = "<group>";
		};
/* End PBXGroup section */

/* Begin PBXNativeTarget section */
		6E7DD5E22AD5542F003E0C77 /* TermiWatchWidget */ = {
			isa = PBXNativeTarget;
			buildConfigurationList = 6E7DD5F72AD55431003E0C77 /* Build configuration list for PBXNativeTarget "TermiWatchWidget" */;
			buildPhases = (
				6E7DD5DF2AD5542F003E0C77 /* Sources */,
				6E7DD5E02AD5542F003E0C77 /* Frameworks */,
				6E7DD5E12AD5542F003E0C77 /* Resources */,
				6E7DD61A2AD554D6003E0C77 /* Embed Watch Content */,
			);
			buildRules = (
			);
			dependencies = (
				6E7DD6192AD554D6003E0C77 /* PBXTargetDependency */,
			);
			name = TermiWatchWidget;
			productName = MyWatchApp;
			productReference = 6E7DD5E32AD5542F003E0C77 /* TermiWatchWidget.app */;
			productType = "com.apple.product-type.application";
		};
		6E7DD6002AD5546A003E0C77 /* TermiWatchWidget Watch App */ = {
			isa = PBXNativeTarget;
			buildConfigurationList = 6E7DD60F2AD5546C003E0C77 /* Build configuration list for PBXNativeTarget "TermiWatchWidget Watch App" */;
			buildPhases = (
				6E7DD5FD2AD5546A003E0C77 /* Sources */,
				6E7DD5FE2AD5546A003E0C77 /* Frameworks */,
				6E7DD5FF2AD5546A003E0C77 /* Resources */,
				6E7DD6322AD554FC003E0C77 /* Embed Foundation Extensions */,
			);
			buildRules = (
			);
			dependencies = (
				6E7DD6432AD5554E003E0C77 /* PBXTargetDependency */,
			);
			name = "TermiWatchWidget Watch App";
			productName = "WatchKitApp Watch App";
			productReference = 6E7DD6012AD5546A003E0C77 /* TermiWatchWidget Watch App.app */;
			productType = "com.apple.product-type.application";
		};
		6E7DD6362AD5554C003E0C77 /* TermiWatchWidget Extension */ = {
			isa = PBXNativeTarget;
			buildConfigurationList = 6E7DD6452AD5554E003E0C77 /* Build configuration list for PBXNativeTarget "TermiWatchWidget Extension" */;
			buildPhases = (
				6E7DD6332AD5554C003E0C77 /* Sources */,
				6E7DD6342AD5554C003E0C77 /* Frameworks */,
				6E7DD6352AD5554C003E0C77 /* Resources */,
			);
			buildRules = (
			);
			dependencies = (
			);
			name = "TermiWatchWidget Extension";
			productName = MyWatchWidgetExtension;
			productReference = 6E7DD6372AD5554C003E0C77 /* TermiWatchWidget Extension.appex */;
			productType = "com.apple.product-type.app-extension";
		};
/* End PBXNativeTarget section */

/* Begin PBXProject section */
		6E7DD5DB2AD5542F003E0C77 /* Project object */ = {
			isa = PBXProject;
			attributes = {
				BuildIndependentTargetsInParallel = 1;
				LastSwiftUpdateCheck = 1500;
				LastUpgradeCheck = 1500;
				TargetAttributes = {
					6E7DD5E22AD5542F003E0C77 = {
						CreatedOnToolsVersion = 15.0;
					};
					6E7DD6002AD5546A003E0C77 = {
						CreatedOnToolsVersion = 15.0;
					};
					6E7DD6362AD5554C003E0C77 = {
						CreatedOnToolsVersion = 15.0;
					};
				};
			};
			buildConfigurationList = 6E7DD5DE2AD5542F003E0C77 /* Build configuration list for PBXProject "TermiWatchWidget" */;
			compatibilityVersion = "Xcode 14.0";
			developmentRegion = en;
			hasScannedForEncodings = 0;
			knownRegions = (
				en,
				Base,
				"zh-Hans",
			);
			mainGroup = 6E7DD5DA2AD5542F003E0C77;
			productRefGroup = 6E7DD5E42AD5542F003E0C77 /* Products */;
			projectDirPath = "";
			projectRoot = "";
			targets = (
				6E7DD5E22AD5542F003E0C77 /* TermiWatchWidget */,
				6E7DD6002AD5546A003E0C77 /* TermiWatchWidget Watch App */,
				6E7DD6362AD5554C003E0C77 /* TermiWatchWidget Extension */,
			);
		};
/* End PBXProject section */

/* Begin PBXResourcesBuildPhase section */
		6E7DD5E12AD5542F003E0C77 /* Resources */ = {
			isa = PBXResourcesBuildPhase;
			buildActionMask = 2147483647;
			files = (
				6E7DD64C2AD56891003E0C77 /* Settings.bundle in Resources */,
				6E7DD5F32AD55431003E0C77 /* LaunchScreen.storyboard in Resources */,
				6E7DD5F02AD55431003E0C77 /* Assets.xcassets in Resources */,
				6E7DD5EE2AD5542F003E0C77 /* Main.storyboard in Resources */,
			);
			runOnlyForDeploymentPostprocessing = 0;
		};
		6E7DD5FF2AD5546A003E0C77 /* Resources */ = {
			isa = PBXResourcesBuildPhase;
			buildActionMask = 2147483647;
			files = (
				6E7DD60E2AD5546C003E0C77 /* Preview Assets.xcassets in Resources */,
				6E7DD60B2AD5546C003E0C77 /* Assets.xcassets in Resources */,
			);
			runOnlyForDeploymentPostprocessing = 0;
		};
		6E7DD6352AD5554C003E0C77 /* Resources */ = {
			isa = PBXResourcesBuildPhase;
			buildActionMask = 2147483647;
			files = (
				6E7DD6402AD5554E003E0C77 /* Assets.xcassets in Resources */,
			);
			runOnlyForDeploymentPostprocessing = 0;
		};
/* End PBXResourcesBuildPhase section */

/* Begin PBXSourcesBuildPhase section */
		6E7DD5DF2AD5542F003E0C77 /* Sources */ = {
			isa = PBXSourcesBuildPhase;
			buildActionMask = 2147483647;
			files = (
				6E7DD5EB2AD5542F003E0C77 /* ViewController.swift in Sources */,
				6E7DD5E72AD5542F003E0C77 /* AppDelegate.swift in Sources */,
				6E7DD5E92AD5542F003E0C77 /* SceneDelegate.swift in Sources */,
			);
			runOnlyForDeploymentPostprocessing = 0;
		};
		6E7DD5FD2AD5546A003E0C77 /* Sources */ = {
			isa = PBXSourcesBuildPhase;
			buildActionMask = 2147483647;
			files = (
				6E7DD6092AD5546A003E0C77 /* ContentView.swift in Sources */,
				6E7DD6072AD5546A003E0C77 /* TermiWatchWidgetApp.swift in Sources */,
			);
			runOnlyForDeploymentPostprocessing = 0;
		};
		6E7DD6332AD5554C003E0C77 /* Sources */ = {
			isa = PBXSourcesBuildPhase;
			buildActionMask = 2147483647;
			files = (
				6E7DD63C2AD5554C003E0C77 /* TermiWatchWidget.swift in Sources */,
				6E7DD6522AD64537003E0C77 /* HealthObserver.swift in Sources */,
				6E7DD64A2AD5604A003E0C77 /* WeatherUtils.swift in Sources */,
			);
			runOnlyForDeploymentPostprocessing = 0;
		};
/* End PBXSourcesBuildPhase section */

/* Begin PBXTargetDependency section */
		6E7DD6192AD554D6003E0C77 /* PBXTargetDependency */ = {
			isa = PBXTargetDependency;
			target = 6E7DD6002AD5546A003E0C77 /* TermiWatchWidget Watch App */;
			targetProxy = 6E7DD6182AD554D6003E0C77 /* PBXContainerItemProxy */;
		};
		6E7DD6432AD5554E003E0C77 /* PBXTargetDependency */ = {
			isa = PBXTargetDependency;
			target = 6E7DD6362AD5554C003E0C77 /* TermiWatchWidget Extension */;
			targetProxy = 6E7DD6422AD5554E003E0C77 /* PBXContainerItemProxy */;
		};
/* End PBXTargetDependency section */

/* Begin PBXVariantGroup section */
		6E7DD5EC2AD5542F003E0C77 /* Main.storyboard */ = {
			isa = PBXVariantGroup;
			children = (
				6E7DD5ED2AD5542F003E0C77 /* Base */,
				6E7DD6542AD7D7FC003E0C77 /* zh-Hans */,
			);
			name = Main.storyboard;
			sourceTree = "<group>";
		};
		6E7DD5F12AD55431003E0C77 /* LaunchScreen.storyboard */ = {
			isa = PBXVariantGroup;
			children = (
				6E7DD5F22AD55431003E0C77 /* Base */,
				6E7DD6552AD7D7FC003E0C77 /* zh-Hans */,
			);
			name = LaunchScreen.storyboard;
			sourceTree = "<group>";
		};
/* End PBXVariantGroup section */

/* Begin XCBuildConfiguration section */
		6E7DD5F52AD55431003E0C77 /* Debug */ = {
			isa = XCBuildConfiguration;
			buildSettings = {
				ALWAYS_SEARCH_USER_PATHS = NO;
				ASSETCATALOG_COMPILER_GENERATE_SWIFT_ASSET_SYMBOL_EXTENSIONS = YES;
				CLANG_ANALYZER_LOCALIZABILITY_NONLOCALIZED = YES;
				CLANG_ANALYZER_NONNULL = YES;
				CLANG_ANALYZER_NUMBER_OBJECT_CONVERSION = YES_AGGRESSIVE;
				CLANG_CXX_LANGUAGE_STANDARD = "gnu++20";
				CLANG_ENABLE_MODULES = YES;
				CLANG_ENABLE_OBJC_ARC = YES;
				CLANG_ENABLE_OBJC_WEAK = YES;
				CLANG_WARN_BLOCK_CAPTURE_AUTORELEASING = YES;
				CLANG_WARN_BOOL_CONVERSION = YES;
				CLANG_WARN_COMMA = YES;
				CLANG_WARN_CONSTANT_CONVERSION = YES;
				CLANG_WARN_DEPRECATED_OBJC_IMPLEMENTATIONS = YES;
				CLANG_WARN_DIRECT_OBJC_ISA_USAGE = YES_ERROR;
				CLANG_WARN_DOCUMENTATION_COMMENTS = YES;
				CLANG_WARN_EMPTY_BODY = YES;
				CLANG_WARN_ENUM_CONVERSION = YES;
				CLANG_WARN_INFINITE_RECURSION = YES;
				CLANG_WARN_INT_CONVERSION = YES;
				CLANG_WARN_NON_LITERAL_NULL_CONVERSION = YES;
				CLANG_WARN_OBJC_IMPLICIT_RETAIN_SELF = YES;
				CLANG_WARN_OBJC_LITERAL_CONVERSION = YES;
				CLANG_WARN_OBJC_ROOT_CLASS = YES_ERROR;
				CLANG_WARN_QUOTED_INCLUDE_IN_FRAMEWORK_HEADER = YES;
				CLANG_WARN_RANGE_LOOP_ANALYSIS = YES;
				CLANG_WARN_STRICT_PROTOTYPES = YES;
				CLANG_WARN_SUSPICIOUS_MOVE = YES;
				CLANG_WARN_UNGUARDED_AVAILABILITY = YES_AGGRESSIVE;
				CLANG_WARN_UNREACHABLE_CODE = YES;
				CLANG_WARN__DUPLICATE_METHOD_MATCH = YES;
				COPY_PHASE_STRIP = NO;
				DEBUG_INFORMATION_FORMAT = dwarf;
				ENABLE_STRICT_OBJC_MSGSEND = YES;
				ENABLE_TESTABILITY = YES;
				ENABLE_USER_SCRIPT_SANDBOXING = YES;
				GCC_C_LANGUAGE_STANDARD = gnu17;
				GCC_DYNAMIC_NO_PIC = NO;
				GCC_NO_COMMON_BLOCKS = YES;
				GCC_OPTIMIZATION_LEVEL = 0;
				GCC_PREPROCESSOR_DEFINITIONS = (
					"DEBUG=1",
					"$(inherited)",
				);
				GCC_WARN_64_TO_32_BIT_CONVERSION = YES;
				GCC_WARN_ABOUT_RETURN_TYPE = YES_ERROR;
				GCC_WARN_UNDECLARED_SELECTOR = YES;
				GCC_WARN_UNINITIALIZED_AUTOS = YES_AGGRESSIVE;
				GCC_WARN_UNUSED_FUNCTION = YES;
				GCC_WARN_UNUSED_VARIABLE = YES;
				IPHONEOS_DEPLOYMENT_TARGET = 17.0;
				LOCALIZATION_PREFERS_STRING_CATALOGS = YES;
				MTL_ENABLE_DEBUG_INFO = INCLUDE_SOURCE;
				MTL_FAST_MATH = YES;
				ONLY_ACTIVE_ARCH = YES;
				SDKROOT = iphoneos;
				SWIFT_ACTIVE_COMPILATION_CONDITIONS = "DEBUG $(inherited)";
				SWIFT_OPTIMIZATION_LEVEL = "-Onone";
			};
			name = Debug;
		};
		6E7DD5F62AD55431003E0C77 /* Release */ = {
			isa = XCBuildConfiguration;
			buildSettings = {
				ALWAYS_SEARCH_USER_PATHS = NO;
				ASSETCATALOG_COMPILER_GENERATE_SWIFT_ASSET_SYMBOL_EXTENSIONS = YES;
				CLANG_ANALYZER_LOCALIZABILITY_NONLOCALIZED = YES;
				CLANG_ANALYZER_NONNULL = YES;
				CLANG_ANALYZER_NUMBER_OBJECT_CONVERSION = YES_AGGRESSIVE;
				CLANG_CXX_LANGUAGE_STANDARD = "gnu++20";
				CLANG_ENABLE_MODULES = YES;
				CLANG_ENABLE_OBJC_ARC = YES;
				CLANG_ENABLE_OBJC_WEAK = YES;
				CLANG_WARN_BLOCK_CAPTURE_AUTORELEASING = YES;
				CLANG_WARN_BOOL_CONVERSION = YES;
				CLANG_WARN_COMMA = YES;
				CLANG_WARN_CONSTANT_CONVERSION = YES;
				CLANG_WARN_DEPRECATED_OBJC_IMPLEMENTATIONS = YES;
				CLANG_WARN_DIRECT_OBJC_ISA_USAGE = YES_ERROR;
				CLANG_WARN_DOCUMENTATION_COMMENTS = YES;
				CLANG_WARN_EMPTY_BODY = YES;
				CLANG_WARN_ENUM_CONVERSION = YES;
				CLANG_WARN_INFINITE_RECURSION = YES;
				CLANG_WARN_INT_CONVERSION = YES;
				CLANG_WARN_NON_LITERAL_NULL_CONVERSION = YES;
				CLANG_WARN_OBJC_IMPLICIT_RETAIN_SELF = YES;
				CLANG_WARN_OBJC_LITERAL_CONVERSION = YES;
				CLANG_WARN_OBJC_ROOT_CLASS = YES_ERROR;
				CLANG_WARN_QUOTED_INCLUDE_IN_FRAMEWORK_HEADER = YES;
				CLANG_WARN_RANGE_LOOP_ANALYSIS = YES;
				CLANG_WARN_STRICT_PROTOTYPES = YES;
				CLANG_WARN_SUSPICIOUS_MOVE = YES;
				CLANG_WARN_UNGUARDED_AVAILABILITY = YES_AGGRESSIVE;
				CLANG_WARN_UNREACHABLE_CODE = YES;
				CLANG_WARN__DUPLICATE_METHOD_MATCH = YES;
				COPY_PHASE_STRIP = NO;
				DEBUG_INFORMATION_FORMAT = "dwarf-with-dsym";
				ENABLE_NS_ASSERTIONS = NO;
				ENABLE_STRICT_OBJC_MSGSEND = YES;
				ENABLE_USER_SCRIPT_SANDBOXING = YES;
				GCC_C_LANGUAGE_STANDARD = gnu17;
				GCC_NO_COMMON_BLOCKS = YES;
				GCC_WARN_64_TO_32_BIT_CONVERSION = YES;
				GCC_WARN_ABOUT_RETURN_TYPE = YES_ERROR;
				GCC_WARN_UNDECLARED_SELECTOR = YES;
				GCC_WARN_UNINITIALIZED_AUTOS = YES_AGGRESSIVE;
				GCC_WARN_UNUSED_FUNCTION = YES;
				GCC_WARN_UNUSED_VARIABLE = YES;
				IPHONEOS_DEPLOYMENT_TARGET = 17.0;
				LOCALIZATION_PREFERS_STRING_CATALOGS = YES;
				MTL_ENABLE_DEBUG_INFO = NO;
				MTL_FAST_MATH = YES;
				SDKROOT = iphoneos;
				SWIFT_COMPILATION_MODE = wholemodule;
				VALIDATE_PRODUCT = YES;
			};
			name = Release;
		};
		6E7DD5F82AD55431003E0C77 /* Debug */ = {
			isa = XCBuildConfiguration;
			buildSettings = {
				ASSETCATALOG_COMPILER_APPICON_NAME = AppIcon;
				ASSETCATALOG_COMPILER_GLOBAL_ACCENT_COLOR_NAME = AccentColor;
				CODE_SIGN_STYLE = Automatic;
				CURRENT_PROJECT_VERSION = 1;
				DEVELOPMENT_TEAM = "";
				GENERATE_INFOPLIST_FILE = YES;
				INFOPLIST_FILE = TermiWatchWidget/Info.plist;
				INFOPLIST_KEY_NSHealthShareUsageDescription = "Your health records will be used to display activity data.";
				INFOPLIST_KEY_NSLocationWhenInUseUsageDescription = "Your location data will be used to display weather data. ";
				INFOPLIST_KEY_UIApplicationSupportsIndirectInputEvents = YES;
				INFOPLIST_KEY_UILaunchStoryboardName = LaunchScreen;
				INFOPLIST_KEY_UIMainStoryboardFile = Main;
				INFOPLIST_KEY_UISupportedInterfaceOrientations_iPad = "UIInterfaceOrientationPortrait UIInterfaceOrientationPortraitUpsideDown UIInterfaceOrientationLandscapeLeft UIInterfaceOrientationLandscapeRight";
				INFOPLIST_KEY_UISupportedInterfaceOrientations_iPhone = "UIInterfaceOrientationPortrait UIInterfaceOrientationLandscapeLeft UIInterfaceOrientationLandscapeRight";
				LD_RUNPATH_SEARCH_PATHS = (
					"$(inherited)",
					"@executable_path/Frameworks",
				);
				MARKETING_VERSION = 1.0;
				PRODUCT_BUNDLE_IDENTIFIER = com.void.TermiWatch;
				PRODUCT_NAME = "$(TARGET_NAME)";
				SWIFT_EMIT_LOC_STRINGS = YES;
				SWIFT_VERSION = 5.0;
				TARGETED_DEVICE_FAMILY = "1,2";
			};
			name = Debug;
		};
		6E7DD5F92AD55431003E0C77 /* Release */ = {
			isa = XCBuildConfiguration;
			buildSettings = {
				ASSETCATALOG_COMPILER_APPICON_NAME = AppIcon;
				ASSETCATALOG_COMPILER_GLOBAL_ACCENT_COLOR_NAME = AccentColor;
				CODE_SIGN_STYLE = Automatic;
				CURRENT_PROJECT_VERSION = 1;
				DEVELOPMENT_TEAM = "";
				GENERATE_INFOPLIST_FILE = YES;
				INFOPLIST_FILE = TermiWatchWidget/Info.plist;
				INFOPLIST_KEY_NSHealthShareUsageDescription = "Your health records will be used to display activity data.";
				INFOPLIST_KEY_NSLocationWhenInUseUsageDescription = "Your location data will be used to display weather data. ";
				INFOPLIST_KEY_UIApplicationSupportsIndirectInputEvents = YES;
				INFOPLIST_KEY_UILaunchStoryboardName = LaunchScreen;
				INFOPLIST_KEY_UIMainStoryboardFile = Main;
				INFOPLIST_KEY_UISupportedInterfaceOrientations_iPad = "UIInterfaceOrientationPortrait UIInterfaceOrientationPortraitUpsideDown UIInterfaceOrientationLandscapeLeft UIInterfaceOrientationLandscapeRight";
				INFOPLIST_KEY_UISupportedInterfaceOrientations_iPhone = "UIInterfaceOrientationPortrait UIInterfaceOrientationLandscapeLeft UIInterfaceOrientationLandscapeRight";
				LD_RUNPATH_SEARCH_PATHS = (
					"$(inherited)",
					"@executable_path/Frameworks",
				);
				MARKETING_VERSION = 1.0;
				PRODUCT_BUNDLE_IDENTIFIER = com.void.TermiWatch;
				PRODUCT_NAME = "$(TARGET_NAME)";
				SWIFT_EMIT_LOC_STRINGS = YES;
				SWIFT_VERSION = 5.0;
				TARGETED_DEVICE_FAMILY = "1,2";
			};
			name = Release;
		};
		6E7DD6102AD5546C003E0C77 /* Debug */ = {
			isa = XCBuildConfiguration;
			buildSettings = {
				ALWAYS_EMBED_SWIFT_STANDARD_LIBRARIES = YES;
				ASSETCATALOG_COMPILER_APPICON_NAME = AppIcon;
				ASSETCATALOG_COMPILER_GLOBAL_ACCENT_COLOR_NAME = AccentColor;
				CODE_SIGN_ENTITLEMENTS = "TermiWatchWidget Watch App/TermiWatchWidget Watch App.entitlements";
				CODE_SIGN_STYLE = Automatic;
				CURRENT_PROJECT_VERSION = 1;
				DEVELOPMENT_ASSET_PATHS = "\"TermiWatchWidget Watch App/Preview Content\"";
				DEVELOPMENT_TEAM = "";
				ENABLE_PREVIEWS = YES;
				GENERATE_INFOPLIST_FILE = YES;
				INFOPLIST_KEY_CFBundleDisplayName = TermiWatchWidget;
				INFOPLIST_KEY_NSHealthClinicalHealthRecordsShareUsageDescription = "Read active energy, resting energy, and dietary energy";
				INFOPLIST_KEY_NSHealthShareUsageDescription = "Read active energy, resting energy, and dietary energy";
				INFOPLIST_KEY_NSLocationWhenInUseUsageDescription = "Your location data will be used to display weather data. ";
				INFOPLIST_KEY_UISupportedInterfaceOrientations = "UIInterfaceOrientationPortrait UIInterfaceOrientationPortraitUpsideDown";
				INFOPLIST_KEY_WKCompanionAppBundleIdentifier = com.sonoptek.TermiWatch;
				INFOPLIST_KEY_WKRunsIndependentlyOfCompanionApp = YES;
				LD_RUNPATH_SEARCH_PATHS = (
					"$(inherited)",
					"@executable_path/Frameworks",
				);
				MARKETING_VERSION = 1.0;
				PRODUCT_BUNDLE_IDENTIFIER = com.void.TermiWatch.watchkitapp;
				PRODUCT_NAME = "$(TARGET_NAME)";
				SDKROOT = watchos;
				SKIP_INSTALL = YES;
				SWIFT_EMIT_LOC_STRINGS = YES;
				SWIFT_VERSION = 5.0;
				TARGETED_DEVICE_FAMILY = 4;
				WATCHOS_DEPLOYMENT_TARGET = 10.0;
			};
			name = Debug;
		};
		6E7DD6112AD5546C003E0C77 /* Release */ = {
			isa = XCBuildConfiguration;
			buildSettings = {
				ALWAYS_EMBED_SWIFT_STANDARD_LIBRARIES = YES;
				ASSETCATALOG_COMPILER_APPICON_NAME = AppIcon;
				ASSETCATALOG_COMPILER_GLOBAL_ACCENT_COLOR_NAME = AccentColor;
				CODE_SIGN_ENTITLEMENTS = "TermiWatchWidget Watch App/TermiWatchWidget Watch App.entitlements";
				CODE_SIGN_STYLE = Automatic;
				CURRENT_PROJECT_VERSION = 1;
				DEVELOPMENT_ASSET_PATHS = "\"TermiWatchWidget Watch App/Preview Content\"";
				DEVELOPMENT_TEAM = "";
				ENABLE_PREVIEWS = YES;
				GENERATE_INFOPLIST_FILE = YES;
				INFOPLIST_KEY_CFBundleDisplayName = TermiWatchWidget;
				INFOPLIST_KEY_NSHealthClinicalHealthRecordsShareUsageDescription = "Read active energy, resting energy, and dietary energy";
				INFOPLIST_KEY_NSHealthShareUsageDescription = "Read active energy, resting energy, and dietary energy";
				INFOPLIST_KEY_NSLocationWhenInUseUsageDescription = "Your location data will be used to display weather data. ";
				INFOPLIST_KEY_UISupportedInterfaceOrientations = "UIInterfaceOrientationPortrait UIInterfaceOrientationPortraitUpsideDown";
				INFOPLIST_KEY_WKCompanionAppBundleIdentifier = com.sonoptek.TermiWatch;
				INFOPLIST_KEY_WKRunsIndependentlyOfCompanionApp = YES;
				LD_RUNPATH_SEARCH_PATHS = (
					"$(inherited)",
					"@executable_path/Frameworks",
				);
				MARKETING_VERSION = 1.0;
				PRODUCT_BUNDLE_IDENTIFIER = com.void.TermiWatch.watchkitapp;
				PRODUCT_NAME = "$(TARGET_NAME)";
				SDKROOT = watchos;
				SKIP_INSTALL = YES;
				SWIFT_EMIT_LOC_STRINGS = YES;
				SWIFT_VERSION = 5.0;
				TARGETED_DEVICE_FAMILY = 4;
				WATCHOS_DEPLOYMENT_TARGET = 10.0;
			};
			name = Release;
		};
		6E7DD6462AD5554E003E0C77 /* Debug */ = {
			isa = XCBuildConfiguration;
			buildSettings = {
				ASSETCATALOG_COMPILER_GLOBAL_ACCENT_COLOR_NAME = AccentColor;
				ASSETCATALOG_COMPILER_WIDGET_BACKGROUND_COLOR_NAME = WidgetBackground;
				CODE_SIGN_ENTITLEMENTS = TermiWatchWidgetExtension.entitlements;
				CODE_SIGN_STYLE = Automatic;
				CURRENT_PROJECT_VERSION = 1;
				DEVELOPMENT_TEAM = "";
				GENERATE_INFOPLIST_FILE = YES;
				INFOPLIST_FILE = TermiWatchWidget_Widget/Info.plist;
				INFOPLIST_KEY_CFBundleDisplayName = TermiWatchWidgetExtension;
				INFOPLIST_KEY_NSHealthClinicalHealthRecordsShareUsageDescription = "Read active energy, resting energy, and dietary energy";
				INFOPLIST_KEY_NSHealthShareUsageDescription = "Read active energy, resting energy, and dietary energy";
				INFOPLIST_KEY_NSHumanReadableCopyright = "";
				INFOPLIST_KEY_NSLocationWhenInUseUsageDescription = "Your location data will be used to display weather data. ";
				LD_RUNPATH_SEARCH_PATHS = (
					"$(inherited)",
					"@executable_path/Frameworks",
					"@executable_path/../../Frameworks",
					"@executable_path/../../../../Frameworks",
				);
				MARKETING_VERSION = 1.0;
				PRODUCT_BUNDLE_IDENTIFIER = com.void.TermiWatch.watchkitapp.widget;
				PRODUCT_NAME = "$(TARGET_NAME)";
				SDKROOT = watchos;
				SKIP_INSTALL = YES;
				SWIFT_EMIT_LOC_STRINGS = YES;
				SWIFT_VERSION = 5.0;
				TARGETED_DEVICE_FAMILY = 4;
				WATCHOS_DEPLOYMENT_TARGET = 10.0;
			};
			name = Debug;
		};
		6E7DD6472AD5554E003E0C77 /* Release */ = {
			isa = XCBuildConfiguration;
			buildSettings = {
				ASSETCATALOG_COMPILER_GLOBAL_ACCENT_COLOR_NAME = AccentColor;
				ASSETCATALOG_COMPILER_WIDGET_BACKGROUND_COLOR_NAME = WidgetBackground;
				CODE_SIGN_ENTITLEMENTS = TermiWatchWidgetExtension.entitlements;
				CODE_SIGN_STYLE = Automatic;
				CURRENT_PROJECT_VERSION = 1;
				DEVELOPMENT_TEAM = "";
				GENERATE_INFOPLIST_FILE = YES;
				INFOPLIST_FILE = TermiWatchWidget_Widget/Info.plist;
				INFOPLIST_KEY_CFBundleDisplayName = TermiWatchWidgetExtension;
				INFOPLIST_KEY_NSHealthClinicalHealthRecordsShareUsageDescription = "Read active energy, resting energy, and dietary energy";
				INFOPLIST_KEY_NSHealthShareUsageDescription = "Read active energy, resting energy, and dietary energy";
				INFOPLIST_KEY_NSHumanReadableCopyright = "";
				INFOPLIST_KEY_NSLocationWhenInUseUsageDescription = "Your location data will be used to display weather data. ";
				LD_RUNPATH_SEARCH_PATHS = (
					"$(inherited)",
					"@executable_path/Frameworks",
					"@executable_path/../../Frameworks",
					"@executable_path/../../../../Frameworks",
				);
				MARKETING_VERSION = 1.0;
				PRODUCT_BUNDLE_IDENTIFIER = com.void.TermiWatch.watchkitapp.widget;
				PRODUCT_NAME = "$(TARGET_NAME)";
				SDKROOT = watchos;
				SKIP_INSTALL = YES;
				SWIFT_EMIT_LOC_STRINGS = YES;
				SWIFT_VERSION = 5.0;
				TARGETED_DEVICE_FAMILY = 4;
				WATCHOS_DEPLOYMENT_TARGET = 10.0;
			};
			name = Release;
		};
/* End XCBuildConfiguration section */

/* Begin XCConfigurationList section */
		6E7DD5DE2AD5542F003E0C77 /* Build configuration list for PBXProject "TermiWatchWidget" */ = {
			isa = XCConfigurationList;
			buildConfigurations = (
				6E7DD5F52AD55431003E0C77 /* Debug */,
				6E7DD5F62AD55431003E0C77 /* Release */,
			);
			defaultConfigurationIsVisible = 0;
			defaultConfigurationName = Release;
		};
		6E7DD5F72AD55431003E0C77 /* Build configuration list for PBXNativeTarget "TermiWatchWidget" */ = {
			isa = XCConfigurationList;
			buildConfigurations = (
				6E7DD5F82AD55431003E0C77 /* Debug */,
				6E7DD5F92AD55431003E0C77 /* Release */,
			);
			defaultConfigurationIsVisible = 0;
			defaultConfigurationName = Release;
		};
		6E7DD60F2AD5546C003E0C77 /* Build configuration list for PBXNativeTarget "TermiWatchWidget Watch App" */ = {
			isa = XCConfigurationList;
			buildConfigurations = (
				6E7DD6102AD5546C003E0C77 /* Debug */,
				6E7DD6112AD5546C003E0C77 /* Release */,
			);
			defaultConfigurationIsVisible = 0;
			defaultConfigurationName = Release;
		};
		6E7DD6452AD5554E003E0C77 /* Build configuration list for PBXNativeTarget "TermiWatchWidget Extension" */ = {
			isa = XCConfigurationList;
			buildConfigurations = (
				6E7DD6462AD5554E003E0C77 /* Debug */,
				6E7DD6472AD5554E003E0C77 /* Release */,
			);
			defaultConfigurationIsVisible = 0;
			defaultConfigurationName = Release;
		};
/* End XCConfigurationList section */
	};
	rootObject = 6E7DD5DB2AD5542F003E0C77 /* Project object */;
}
